PODS:
  - Bolts/Tasks (1.8.4)
  - NTComponents (0.0.1)
  - Parse (1.14.2):
    - Bolts/Tasks (~> 1.8)

DEPENDENCIES:
  - NTComponents (from `~/Documents/NTComponents`)
  - Parse

EXTERNAL SOURCES:
  NTComponents:
    :path: "~/Documents/NTComponents"

SPEC CHECKSUMS:
  Bolts: 8a7995239dbe724f9cba2248b766d48b7ebdd322
  NTComponents: 4e6f1beb20cab66fe1e796d918b3b6f61986a7d0
  Parse: 4335d65f40cb3d43190d723144bbe1afb9c38230

PODFILE CHECKSUM: c895b135c950aba1e5f929f0f95725d4a45ec3aa

COCOAPODS: 1.2.0
