// !$*UTF8*$!
{
	archiveVersion = 1;
	classes = {
	};
	objectVersion = 48;
	objects = {

/* Begin PBXBuildFile section */
		38028C991FC558A7003A4E95 /* WelcomeViewController.swift in Sources */ = {isa = PBXBuildFile; fileRef = 38028C981FC558A7003A4E95 /* WelcomeViewController.swift */; };
		38028CA01FC560FD003A4E95 /* UIDevice+Extensions.swift in Sources */ = {isa = PBXBuildFile; fileRef = 38028C9F1FC560FD003A4E95 /* UIDevice+Extensions.swift */; };
		38028CAA1FC56611003A4E95 /* SchemaDetailViewController.swift in Sources */ = {isa = PBXBuildFile; fileRef = 38028CA91FC56611003A4E95 /* SchemaDetailViewController.swift */; };
		38055AFB1FE9B91C00699F2B /* QueryBuilderViewController.swift in Sources */ = {isa = PBXBuildFile; fileRef = 38055AFA1FE9B91C00699F2B /* QueryBuilderViewController.swift */; };
		3809B9EE1FE4D2A200D8DD2A /* DeepLink.swift in Sources */ = {isa = PBXBuildFile; fileRef = 3809B9ED1FE4D2A200D8DD2A /* DeepLink.swift */; };
		380EB3891FDE3AB900AB4AB3 /* TutorialViewController.swift in Sources */ = {isa = PBXBuildFile; fileRef = 380EB3881FDE3AB900AB4AB3 /* TutorialViewController.swift */; };
		382BFF4F1FDE13E10050FF15 /* ServerConfigViewController.swift in Sources */ = {isa = PBXBuildFile; fileRef = 382BFF4E1FDE13E10050FF15 /* ServerConfigViewController.swift */; };
		382BFF521FDE15220050FF15 /* FormerInputAccessoryView.swift in Sources */ = {isa = PBXBuildFile; fileRef = 382BFF511FDE15220050FF15 /* FormerInputAccessoryView.swift */; };
		382BFF551FDE15BC0050FF15 /* FormerFieldCell.swift in Sources */ = {isa = PBXBuildFile; fileRef = 382BFF531FDE15BC0050FF15 /* FormerFieldCell.swift */; };
		382BFF561FDE15BC0050FF15 /* FormerImageCell.swift in Sources */ = {isa = PBXBuildFile; fileRef = 382BFF541FDE15BC0050FF15 /* FormerImageCell.swift */; };
		382BFF5A1FDE15FC0050FF15 /* FormerFieldCell.xib in Resources */ = {isa = PBXBuildFile; fileRef = 382BFF581FDE15FB0050FF15 /* FormerFieldCell.xib */; };
		382BFF5B1FDE15FC0050FF15 /* FormerImageCell.xib in Resources */ = {isa = PBXBuildFile; fileRef = 382BFF591FDE15FC0050FF15 /* FormerImageCell.xib */; };
		3848CA0B1FC552560038A636 /* PFTableViewController.swift in Sources */ = {isa = PBXBuildFile; fileRef = 3848CA0A1FC552560038A636 /* PFTableViewController.swift */; };
		3852AA791FDCC7D900D7B009 /* SupportViewController.swift in Sources */ = {isa = PBXBuildFile; fileRef = 3852AA781FDCC7D900D7B009 /* SupportViewController.swift */; };
		3852AA7B1FDCC7E000D7B009 /* IAPHandler.swift in Sources */ = {isa = PBXBuildFile; fileRef = 3852AA7A1FDCC7E000D7B009 /* IAPHandler.swift */; };
		3872C1C71FC3BC6400EBD87F /* AppDelegate.swift in Sources */ = {isa = PBXBuildFile; fileRef = 3872C1C61FC3BC6400EBD87F /* AppDelegate.swift */; };
		3872C1CB1FC3BC6400EBD87F /* Assets.xcassets in Resources */ = {isa = PBXBuildFile; fileRef = 3872C1CA1FC3BC6400EBD87F /* Assets.xcassets */; };
		3872C1CE1FC3BC6400EBD87F /* LaunchScreen.storyboard in Resources */ = {isa = PBXBuildFile; fileRef = 3872C1CC1FC3BC6400EBD87F /* LaunchScreen.storyboard */; };
		3872C1D91FC3BCF600EBD87F /* PFObject.swift in Sources */ = {isa = PBXBuildFile; fileRef = 3872C1D51FC3BCF500EBD87F /* PFObject.swift */; };
		3872C1DA1FC3BCF600EBD87F /* PFServer.swift in Sources */ = {isa = PBXBuildFile; fileRef = 3872C1D61FC3BCF600EBD87F /* PFServer.swift */; };
		3872C1DB1FC3BCF600EBD87F /* PFSchema.swift in Sources */ = {isa = PBXBuildFile; fileRef = 3872C1D71FC3BCF600EBD87F /* PFSchema.swift */; };
		3872C1DC1FC3BCF600EBD87F /* Parse.swift in Sources */ = {isa = PBXBuildFile; fileRef = 3872C1D81FC3BCF600EBD87F /* Parse.swift */; };
		3872C1DF1FC3BE2500EBD87F /* UIApplication+Extensions.swift in Sources */ = {isa = PBXBuildFile; fileRef = 3872C1DE1FC3BE2400EBD87F /* UIApplication+Extensions.swift */; };
		3872C1E31FC3C08200EBD87F /* String+Extensions.swift in Sources */ = {isa = PBXBuildFile; fileRef = 3872C1E11FC3C08200EBD87F /* String+Extensions.swift */; };
		3872C1E41FC3C08200EBD87F /* UIColor+Extensions.swift in Sources */ = {isa = PBXBuildFile; fileRef = 3872C1E21FC3C08200EBD87F /* UIColor+Extensions.swift */; };
		3872C1E91FC3C42F00EBD87F /* Parse_Dashboard_for_iOS.xcdatamodeld in Sources */ = {isa = PBXBuildFile; fileRef = 3872C1E71FC3C42F00EBD87F /* Parse_Dashboard_for_iOS.xcdatamodeld */; };
		3872C1EB1FC3C49900EBD87F /* ServersViewController.swift in Sources */ = {isa = PBXBuildFile; fileRef = 3872C1EA1FC3C49900EBD87F /* ServersViewController.swift */; };
		3872C1ED1FC3C4FC00EBD87F /* PFCollectionViewController.swift in Sources */ = {isa = PBXBuildFile; fileRef = 3872C1EC1FC3C4FC00EBD87F /* PFCollectionViewController.swift */; };
		3872C1EF1FC3C84E00EBD87F /* ServerCell.swift in Sources */ = {isa = PBXBuildFile; fileRef = 3872C1EE1FC3C84E00EBD87F /* ServerCell.swift */; };
		3872C1F31FC3C8AA00EBD87F /* PFCollectionViewCell.swift in Sources */ = {isa = PBXBuildFile; fileRef = 3872C1F21FC3C8AA00EBD87F /* PFCollectionViewCell.swift */; };
		3872C1F51FC3C91600EBD87F /* UIView+AutoLayout.swift in Sources */ = {isa = PBXBuildFile; fileRef = 3872C1F41FC3C91600EBD87F /* UIView+AutoLayout.swift */; };
		3872C1F71FC3CC2000EBD87F /* UIImage+Extensions.swift in Sources */ = {isa = PBXBuildFile; fileRef = 3872C1F61FC3CC2000EBD87F /* UIImage+Extensions.swift */; };
		3872C20C1FC414E100EBD87F /* SchemaViewController.swift in Sources */ = {isa = PBXBuildFile; fileRef = 3872C20B1FC414E100EBD87F /* SchemaViewController.swift */; };
		3872C20E1FC415AB00EBD87F /* SchemaCell.swift in Sources */ = {isa = PBXBuildFile; fileRef = 3872C20D1FC415AB00EBD87F /* SchemaCell.swift */; };
		38856BB11FE8635A00349828 /* LICENSE in Resources */ = {isa = PBXBuildFile; fileRef = 38856BAF1FE8635900349828 /* LICENSE */; };
		38856BB21FE8635A00349828 /* README.md in Resources */ = {isa = PBXBuildFile; fileRef = 38856BB01FE8635900349828 /* README.md */; };
		38AF51FC1FDF2F6B00FC4B40 /* MoreViewController.swift in Sources */ = {isa = PBXBuildFile; fileRef = 38AF51FB1FDF2F6B00FC4B40 /* MoreViewController.swift */; };
		38AF51FE1FDF300200FC4B40 /* SettingsViewController.swift in Sources */ = {isa = PBXBuildFile; fileRef = 38AF51FD1FDF300200FC4B40 /* SettingsViewController.swift */; };
		38AF52001FDF30ED00FC4B40 /* UIViewController+Extentions.swift in Sources */ = {isa = PBXBuildFile; fileRef = 38AF51FF1FDF30ED00FC4B40 /* UIViewController+Extentions.swift */; };
		38B220501FDF4783002F12BD /* Auth.swift in Sources */ = {isa = PBXBuildFile; fileRef = 38B2204F1FDF4782002F12BD /* Auth.swift */; };
		38D23F9A1FE8D42700D42A2D /* File.swift in Sources */ = {isa = PBXBuildFile; fileRef = 38D23F991FE8D42700D42A2D /* File.swift */; };
		38D5E9571FEA4D5600AB0902 /* CloudCodeViewController.swift in Sources */ = {isa = PBXBuildFile; fileRef = 38D5E9561FEA4D5600AB0902 /* CloudCodeViewController.swift */; };
		38D5E9591FEA50FA00AB0902 /* CloudCodeBuilderViewController.swift in Sources */ = {isa = PBXBuildFile; fileRef = 38D5E9581FEA50FA00AB0902 /* CloudCodeBuilderViewController.swift */; };
		38D5E9611FEA61C900AB0902 /* ConsoleView.swift in Sources */ = {isa = PBXBuildFile; fileRef = 38D5E9601FEA61C900AB0902 /* ConsoleView.swift */; };
		38D5E9631FEC49A700AB0902 /* PFImagePickerController.swift in Sources */ = {isa = PBXBuildFile; fileRef = 38D5E9621FEC49A700AB0902 /* PFImagePickerController.swift */; };
		38D5E9651FEC590200AB0902 /* UIButton+Extensions.swift in Sources */ = {isa = PBXBuildFile; fileRef = 38D5E9641FEC590200AB0902 /* UIButton+Extensions.swift */; };
		38DE1CF31FC4BAA600C49508 /* ClassViewController.swift in Sources */ = {isa = PBXBuildFile; fileRef = 38DE1CF11FC4BAA600C49508 /* ClassViewController.swift */; };
		38DE1CF41FC4BAA600C49508 /* QueryViewController.swift in Sources */ = {isa = PBXBuildFile; fileRef = 38DE1CF21FC4BAA600C49508 /* QueryViewController.swift */; };
		38DE1CF81FC4BAB700C49508 /* QueryHelpCell.swift in Sources */ = {isa = PBXBuildFile; fileRef = 38DE1CF51FC4BAB700C49508 /* QueryHelpCell.swift */; };
		38DE1CF91FC4BAB700C49508 /* QueryInputCell.swift in Sources */ = {isa = PBXBuildFile; fileRef = 38DE1CF61FC4BAB700C49508 /* QueryInputCell.swift */; };
		38DE1CFC1FC4BB1B00C49508 /* ClassCell.swift in Sources */ = {isa = PBXBuildFile; fileRef = 38DE1CFB1FC4BB1B00C49508 /* ClassCell.swift */; };
		38DE1CFE1FC4C30E00C49508 /* InputTextView.swift in Sources */ = {isa = PBXBuildFile; fileRef = 38DE1CFD1FC4C30E00C49508 /* InputTextView.swift */; };
		38DE1D001FC4C32300C49508 /* NSConstraintLayoutSet.swift in Sources */ = {isa = PBXBuildFile; fileRef = 38DE1CFF1FC4C32300C49508 /* NSConstraintLayoutSet.swift */; };
		38DE1D021FC511EF00C49508 /* AppInfoViewController.swift in Sources */ = {isa = PBXBuildFile; fileRef = 38DE1D011FC511EF00C49508 /* AppInfoViewController.swift */; };
		38DE1D041FC5149B00C49508 /* Date+Extensions.swift in Sources */ = {isa = PBXBuildFile; fileRef = 38DE1D031FC5149B00C49508 /* Date+Extensions.swift */; };
		38DE1D061FC515B800C49508 /* ObjectViewController.swift in Sources */ = {isa = PBXBuildFile; fileRef = 38DE1D051FC515B800C49508 /* ObjectViewController.swift */; };
		38DE1D081FC516A700C49508 /* FieldCell.swift in Sources */ = {isa = PBXBuildFile; fileRef = 38DE1D071FC516A700C49508 /* FieldCell.swift */; };
		38DE1D0C1FC5415000C49508 /* ServerDetailViewController.swift in Sources */ = {isa = PBXBuildFile; fileRef = 38DE1D0B1FC5415000C49508 /* ServerDetailViewController.swift */; };
		38DE1D0F1FC5453200C49508 /* FileViewController.swift in Sources */ = {isa = PBXBuildFile; fileRef = 38DE1D0D1FC5453200C49508 /* FileViewController.swift */; };
		38DE1D101FC5453200C49508 /* ArrayViewController.swift in Sources */ = {isa = PBXBuildFile; fileRef = 38DE1D0E1FC5453200C49508 /* ArrayViewController.swift */; };
		38E64ABF1FE7A6D0006949B7 /* ObjectSelectorController.swift in Sources */ = {isa = PBXBuildFile; fileRef = 38E64ABE1FE7A6D0006949B7 /* ObjectSelectorController.swift */; };
		38F12D3E1FC696D300D3817D /* UIAlertController+Extensions.swift in Sources */ = {isa = PBXBuildFile; fileRef = 38F12D3D1FC696D300D3817D /* UIAlertController+Extensions.swift */; };
		38F135B91FE75F5900176C9A /* LaunchScreenViewController.swift in Sources */ = {isa = PBXBuildFile; fileRef = 38F135B81FE75F5900176C9A /* LaunchScreenViewController.swift */; };
		38F135BD1FE7603300176C9A /* LaunchScreenCopy.storyboard in Resources */ = {isa = PBXBuildFile; fileRef = 38F135BC1FE7603300176C9A /* LaunchScreenCopy.storyboard */; };
		38F135BF1FE763D000176C9A /* UIWindow+Extenions.swift in Sources */ = {isa = PBXBuildFile; fileRef = 38F135BE1FE763D000176C9A /* UIWindow+Extenions.swift */; };
		38F135C11FE77A7B00176C9A /* Pods-Parse Dashboard for iOS-acknowledgements.plist in Resources */ = {isa = PBXBuildFile; fileRef = 38F135C01FE77A7B00176C9A /* Pods-Parse Dashboard for iOS-acknowledgements.plist */; };
		38F135C31FE7807400176C9A /* ObjectBuilderViewController.swift in Sources */ = {isa = PBXBuildFile; fileRef = 38F135C21FE7807400176C9A /* ObjectBuilderViewController.swift */; };
		F25ECBC77855B1F9E2419001 /* Pods_Parse_Dashboard_for_iOS.framework in Frameworks */ = {isa = PBXBuildFile; fileRef = 49DEF2EA353A95C2C89F0735 /* Pods_Parse_Dashboard_for_iOS.framework */; };
/* End PBXBuildFile section */

/* Begin PBXFileReference section */
		38028C981FC558A7003A4E95 /* WelcomeViewController.swift */ = {isa = PBXFileReference; fileEncoding = 4; lastKnownFileType = sourcecode.swift; path = WelcomeViewController.swift; sourceTree = "<group>"; };
		38028C9F1FC560FD003A4E95 /* UIDevice+Extensions.swift */ = {isa = PBXFileReference; fileEncoding = 4; lastKnownFileType = sourcecode.swift; path = "UIDevice+Extensions.swift"; sourceTree = "<group>"; };
		38028CA91FC56611003A4E95 /* SchemaDetailViewController.swift */ = {isa = PBXFileReference; fileEncoding = 4; lastKnownFileType = sourcecode.swift; path = SchemaDetailViewController.swift; sourceTree = "<group>"; };
		38055AFA1FE9B91C00699F2B /* QueryBuilderViewController.swift */ = {isa = PBXFileReference; lastKnownFileType = sourcecode.swift; path = QueryBuilderViewController.swift; sourceTree = "<group>"; };
		3809B9ED1FE4D2A200D8DD2A /* DeepLink.swift */ = {isa = PBXFileReference; lastKnownFileType = sourcecode.swift; path = DeepLink.swift; sourceTree = "<group>"; };
		380EB3881FDE3AB900AB4AB3 /* TutorialViewController.swift */ = {isa = PBXFileReference; lastKnownFileType = sourcecode.swift; path = TutorialViewController.swift; sourceTree = "<group>"; };
		382BFF4E1FDE13E10050FF15 /* ServerConfigViewController.swift */ = {isa = PBXFileReference; lastKnownFileType = sourcecode.swift; path = ServerConfigViewController.swift; sourceTree = "<group>"; };
		382BFF511FDE15220050FF15 /* FormerInputAccessoryView.swift */ = {isa = PBXFileReference; fileEncoding = 4; lastKnownFileType = sourcecode.swift; path = FormerInputAccessoryView.swift; sourceTree = "<group>"; };
		382BFF531FDE15BC0050FF15 /* FormerFieldCell.swift */ = {isa = PBXFileReference; fileEncoding = 4; lastKnownFileType = sourcecode.swift; path = FormerFieldCell.swift; sourceTree = "<group>"; };
		382BFF541FDE15BC0050FF15 /* FormerImageCell.swift */ = {isa = PBXFileReference; fileEncoding = 4; lastKnownFileType = sourcecode.swift; path = FormerImageCell.swift; sourceTree = "<group>"; };
		382BFF581FDE15FB0050FF15 /* FormerFieldCell.xib */ = {isa = PBXFileReference; fileEncoding = 4; lastKnownFileType = file.xib; path = FormerFieldCell.xib; sourceTree = "<group>"; };
		382BFF591FDE15FC0050FF15 /* FormerImageCell.xib */ = {isa = PBXFileReference; fileEncoding = 4; lastKnownFileType = file.xib; path = FormerImageCell.xib; sourceTree = "<group>"; };
		3848CA0A1FC552560038A636 /* PFTableViewController.swift */ = {isa = PBXFileReference; lastKnownFileType = sourcecode.swift; path = PFTableViewController.swift; sourceTree = "<group>"; };
		3852AA781FDCC7D900D7B009 /* SupportViewController.swift */ = {isa = PBXFileReference; fileEncoding = 4; lastKnownFileType = sourcecode.swift; path = SupportViewController.swift; sourceTree = "<group>"; };
		3852AA7A1FDCC7E000D7B009 /* IAPHandler.swift */ = {isa = PBXFileReference; fileEncoding = 4; lastKnownFileType = sourcecode.swift; path = IAPHandler.swift; sourceTree = "<group>"; };
		3872C1C31FC3BC6400EBD87F /* Parse Dashboard for iOS.app */ = {isa = PBXFileReference; explicitFileType = wrapper.application; includeInIndex = 0; path = "Parse Dashboard for iOS.app"; sourceTree = BUILT_PRODUCTS_DIR; };
		3872C1C61FC3BC6400EBD87F /* AppDelegate.swift */ = {isa = PBXFileReference; lastKnownFileType = sourcecode.swift; path = AppDelegate.swift; sourceTree = "<group>"; };
		3872C1CA1FC3BC6400EBD87F /* Assets.xcassets */ = {isa = PBXFileReference; lastKnownFileType = folder.assetcatalog; path = Assets.xcassets; sourceTree = "<group>"; };
		3872C1CD1FC3BC6400EBD87F /* Base */ = {isa = PBXFileReference; lastKnownFileType = file.storyboard; name = Base; path = Base.lproj/LaunchScreen.storyboard; sourceTree = "<group>"; };
		3872C1CF1FC3BC6400EBD87F /* Info.plist */ = {isa = PBXFileReference; lastKnownFileType = text.plist.xml; path = Info.plist; sourceTree = "<group>"; };
		3872C1D51FC3BCF500EBD87F /* PFObject.swift */ = {isa = PBXFileReference; fileEncoding = 4; lastKnownFileType = sourcecode.swift; path = PFObject.swift; sourceTree = "<group>"; };
		3872C1D61FC3BCF600EBD87F /* PFServer.swift */ = {isa = PBXFileReference; fileEncoding = 4; lastKnownFileType = sourcecode.swift; path = PFServer.swift; sourceTree = "<group>"; };
		3872C1D71FC3BCF600EBD87F /* PFSchema.swift */ = {isa = PBXFileReference; fileEncoding = 4; lastKnownFileType = sourcecode.swift; path = PFSchema.swift; sourceTree = "<group>"; };
		3872C1D81FC3BCF600EBD87F /* Parse.swift */ = {isa = PBXFileReference; fileEncoding = 4; lastKnownFileType = sourcecode.swift; path = Parse.swift; sourceTree = "<group>"; };
		3872C1DE1FC3BE2400EBD87F /* UIApplication+Extensions.swift */ = {isa = PBXFileReference; fileEncoding = 4; lastKnownFileType = sourcecode.swift; path = "UIApplication+Extensions.swift"; sourceTree = "<group>"; };
		3872C1E11FC3C08200EBD87F /* String+Extensions.swift */ = {isa = PBXFileReference; fileEncoding = 4; lastKnownFileType = sourcecode.swift; path = "String+Extensions.swift"; sourceTree = "<group>"; };
		3872C1E21FC3C08200EBD87F /* UIColor+Extensions.swift */ = {isa = PBXFileReference; fileEncoding = 4; lastKnownFileType = sourcecode.swift; path = "UIColor+Extensions.swift"; sourceTree = "<group>"; };
		3872C1E81FC3C42F00EBD87F /* Parse_Dashboard_for_iOS.xcdatamodel */ = {isa = PBXFileReference; lastKnownFileType = wrapper.xcdatamodel; path = Parse_Dashboard_for_iOS.xcdatamodel; sourceTree = "<group>"; };
		3872C1EA1FC3C49900EBD87F /* ServersViewController.swift */ = {isa = PBXFileReference; fileEncoding = 4; lastKnownFileType = sourcecode.swift; path = ServersViewController.swift; sourceTree = "<group>"; };
		3872C1EC1FC3C4FC00EBD87F /* PFCollectionViewController.swift */ = {isa = PBXFileReference; lastKnownFileType = sourcecode.swift; path = PFCollectionViewController.swift; sourceTree = "<group>"; };
		3872C1EE1FC3C84E00EBD87F /* ServerCell.swift */ = {isa = PBXFileReference; fileEncoding = 4; lastKnownFileType = sourcecode.swift; path = ServerCell.swift; sourceTree = "<group>"; };
		3872C1F21FC3C8AA00EBD87F /* PFCollectionViewCell.swift */ = {isa = PBXFileReference; lastKnownFileType = sourcecode.swift; path = PFCollectionViewCell.swift; sourceTree = "<group>"; };
		3872C1F41FC3C91600EBD87F /* UIView+AutoLayout.swift */ = {isa = PBXFileReference; fileEncoding = 4; lastKnownFileType = sourcecode.swift; path = "UIView+AutoLayout.swift"; sourceTree = "<group>"; };
		3872C1F61FC3CC2000EBD87F /* UIImage+Extensions.swift */ = {isa = PBXFileReference; fileEncoding = 4; lastKnownFileType = sourcecode.swift; path = "UIImage+Extensions.swift"; sourceTree = "<group>"; };
		3872C20B1FC414E100EBD87F /* SchemaViewController.swift */ = {isa = PBXFileReference; fileEncoding = 4; lastKnownFileType = sourcecode.swift; path = SchemaViewController.swift; sourceTree = "<group>"; };
		3872C20D1FC415AB00EBD87F /* SchemaCell.swift */ = {isa = PBXFileReference; lastKnownFileType = sourcecode.swift; path = SchemaCell.swift; sourceTree = "<group>"; };
		38856BAF1FE8635900349828 /* LICENSE */ = {isa = PBXFileReference; fileEncoding = 4; lastKnownFileType = text; path = LICENSE; sourceTree = "<group>"; };
		38856BB01FE8635900349828 /* README.md */ = {isa = PBXFileReference; fileEncoding = 4; lastKnownFileType = net.daringfireball.markdown; path = README.md; sourceTree = "<group>"; };
		38AF51FB1FDF2F6B00FC4B40 /* MoreViewController.swift */ = {isa = PBXFileReference; lastKnownFileType = sourcecode.swift; path = MoreViewController.swift; sourceTree = "<group>"; };
		38AF51FD1FDF300200FC4B40 /* SettingsViewController.swift */ = {isa = PBXFileReference; lastKnownFileType = sourcecode.swift; path = SettingsViewController.swift; sourceTree = "<group>"; };
		38AF51FF1FDF30ED00FC4B40 /* UIViewController+Extentions.swift */ = {isa = PBXFileReference; lastKnownFileType = sourcecode.swift; path = "UIViewController+Extentions.swift"; sourceTree = "<group>"; };
		38B2204F1FDF4782002F12BD /* Auth.swift */ = {isa = PBXFileReference; fileEncoding = 4; lastKnownFileType = sourcecode.swift; path = Auth.swift; sourceTree = "<group>"; };
		38D23F991FE8D42700D42A2D /* File.swift */ = {isa = PBXFileReference; fileEncoding = 4; lastKnownFileType = sourcecode.swift; path = File.swift; sourceTree = "<group>"; };
		38D5E9561FEA4D5600AB0902 /* CloudCodeViewController.swift */ = {isa = PBXFileReference; lastKnownFileType = sourcecode.swift; path = CloudCodeViewController.swift; sourceTree = "<group>"; };
		38D5E9581FEA50FA00AB0902 /* CloudCodeBuilderViewController.swift */ = {isa = PBXFileReference; lastKnownFileType = sourcecode.swift; path = CloudCodeBuilderViewController.swift; sourceTree = "<group>"; };
		38D5E9601FEA61C900AB0902 /* ConsoleView.swift */ = {isa = PBXFileReference; lastKnownFileType = sourcecode.swift; path = ConsoleView.swift; sourceTree = "<group>"; };
		38D5E9621FEC49A700AB0902 /* PFImagePickerController.swift */ = {isa = PBXFileReference; lastKnownFileType = sourcecode.swift; path = PFImagePickerController.swift; sourceTree = "<group>"; };
		38D5E9641FEC590200AB0902 /* UIButton+Extensions.swift */ = {isa = PBXFileReference; lastKnownFileType = sourcecode.swift; path = "UIButton+Extensions.swift"; sourceTree = "<group>"; };
		38DE1CF11FC4BAA600C49508 /* ClassViewController.swift */ = {isa = PBXFileReference; fileEncoding = 4; lastKnownFileType = sourcecode.swift; path = ClassViewController.swift; sourceTree = "<group>"; };
		38DE1CF21FC4BAA600C49508 /* QueryViewController.swift */ = {isa = PBXFileReference; fileEncoding = 4; lastKnownFileType = sourcecode.swift; path = QueryViewController.swift; sourceTree = "<group>"; };
		38DE1CF51FC4BAB700C49508 /* QueryHelpCell.swift */ = {isa = PBXFileReference; fileEncoding = 4; lastKnownFileType = sourcecode.swift; path = QueryHelpCell.swift; sourceTree = "<group>"; };
		38DE1CF61FC4BAB700C49508 /* QueryInputCell.swift */ = {isa = PBXFileReference; fileEncoding = 4; lastKnownFileType = sourcecode.swift; path = QueryInputCell.swift; sourceTree = "<group>"; };
		38DE1CFB1FC4BB1B00C49508 /* ClassCell.swift */ = {isa = PBXFileReference; fileEncoding = 4; lastKnownFileType = sourcecode.swift; path = ClassCell.swift; sourceTree = "<group>"; };
		38DE1CFD1FC4C30E00C49508 /* InputTextView.swift */ = {isa = PBXFileReference; fileEncoding = 4; lastKnownFileType = sourcecode.swift; path = InputTextView.swift; sourceTree = "<group>"; };
		38DE1CFF1FC4C32300C49508 /* NSConstraintLayoutSet.swift */ = {isa = PBXFileReference; fileEncoding = 4; lastKnownFileType = sourcecode.swift; path = NSConstraintLayoutSet.swift; sourceTree = "<group>"; };
		38DE1D011FC511EF00C49508 /* AppInfoViewController.swift */ = {isa = PBXFileReference; fileEncoding = 4; lastKnownFileType = sourcecode.swift; path = AppInfoViewController.swift; sourceTree = "<group>"; };
		38DE1D031FC5149B00C49508 /* Date+Extensions.swift */ = {isa = PBXFileReference; fileEncoding = 4; lastKnownFileType = sourcecode.swift; path = "Date+Extensions.swift"; sourceTree = "<group>"; };
		38DE1D051FC515B800C49508 /* ObjectViewController.swift */ = {isa = PBXFileReference; fileEncoding = 4; lastKnownFileType = sourcecode.swift; path = ObjectViewController.swift; sourceTree = "<group>"; };
		38DE1D071FC516A700C49508 /* FieldCell.swift */ = {isa = PBXFileReference; fileEncoding = 4; lastKnownFileType = sourcecode.swift; path = FieldCell.swift; sourceTree = "<group>"; };
		38DE1D0B1FC5415000C49508 /* ServerDetailViewController.swift */ = {isa = PBXFileReference; fileEncoding = 4; lastKnownFileType = sourcecode.swift; path = ServerDetailViewController.swift; sourceTree = "<group>"; };
		38DE1D0D1FC5453200C49508 /* FileViewController.swift */ = {isa = PBXFileReference; fileEncoding = 4; lastKnownFileType = sourcecode.swift; path = FileViewController.swift; sourceTree = "<group>"; };
		38DE1D0E1FC5453200C49508 /* ArrayViewController.swift */ = {isa = PBXFileReference; fileEncoding = 4; lastKnownFileType = sourcecode.swift; path = ArrayViewController.swift; sourceTree = "<group>"; };
		38E64ABE1FE7A6D0006949B7 /* ObjectSelectorController.swift */ = {isa = PBXFileReference; lastKnownFileType = sourcecode.swift; path = ObjectSelectorController.swift; sourceTree = "<group>"; };
		38F12D3D1FC696D300D3817D /* UIAlertController+Extensions.swift */ = {isa = PBXFileReference; lastKnownFileType = sourcecode.swift; path = "UIAlertController+Extensions.swift"; sourceTree = "<group>"; };
		38F135B81FE75F5900176C9A /* LaunchScreenViewController.swift */ = {isa = PBXFileReference; lastKnownFileType = sourcecode.swift; path = LaunchScreenViewController.swift; sourceTree = "<group>"; };
		38F135BC1FE7603300176C9A /* LaunchScreenCopy.storyboard */ = {isa = PBXFileReference; lastKnownFileType = file.storyboard; path = LaunchScreenCopy.storyboard; sourceTree = "<group>"; };
		38F135BE1FE763D000176C9A /* UIWindow+Extenions.swift */ = {isa = PBXFileReference; lastKnownFileType = sourcecode.swift; path = "UIWindow+Extenions.swift"; sourceTree = "<group>"; };
		38F135C01FE77A7B00176C9A /* Pods-Parse Dashboard for iOS-acknowledgements.plist */ = {isa = PBXFileReference; fileEncoding = 4; lastKnownFileType = text.plist.xml; name = "Pods-Parse Dashboard for iOS-acknowledgements.plist"; path = "Pods/Target Support Files/Pods-Parse Dashboard for iOS/Pods-Parse Dashboard for iOS-acknowledgements.plist"; sourceTree = SOURCE_ROOT; };
		38F135C21FE7807400176C9A /* ObjectBuilderViewController.swift */ = {isa = PBXFileReference; lastKnownFileType = sourcecode.swift; path = ObjectBuilderViewController.swift; sourceTree = "<group>"; };
		49DEF2EA353A95C2C89F0735 /* Pods_Parse_Dashboard_for_iOS.framework */ = {isa = PBXFileReference; explicitFileType = wrapper.framework; includeInIndex = 0; path = Pods_Parse_Dashboard_for_iOS.framework; sourceTree = BUILT_PRODUCTS_DIR; };
		A04CF76C16F215027BB1D481 /* Pods-Parse Dashboard for iOS.debug.xcconfig */ = {isa = PBXFileReference; includeInIndex = 1; lastKnownFileType = text.xcconfig; name = "Pods-Parse Dashboard for iOS.debug.xcconfig"; path = "Pods/Target Support Files/Pods-Parse Dashboard for iOS/Pods-Parse Dashboard for iOS.debug.xcconfig"; sourceTree = "<group>"; };
		E34E4B477BD41310F7A5DDF0 /* Pods-Parse Dashboard for iOS.release.xcconfig */ = {isa = PBXFileReference; includeInIndex = 1; lastKnownFileType = text.xcconfig; name = "Pods-Parse Dashboard for iOS.release.xcconfig"; path = "Pods/Target Support Files/Pods-Parse Dashboard for iOS/Pods-Parse Dashboard for iOS.release.xcconfig"; sourceTree = "<group>"; };
/* End PBXFileReference section */

/* Begin PBXFrameworksBuildPhase section */
		3872C1C01FC3BC6400EBD87F /* Frameworks */ = {
			isa = PBXFrameworksBuildPhase;
			buildActionMask = 2147483647;
			files = (
				F25ECBC77855B1F9E2419001 /* Pods_Parse_Dashboard_for_iOS.framework in Frameworks */,
			);
			runOnlyForDeploymentPostprocessing = 0;
		};
/* End PBXFrameworksBuildPhase section */

/* Begin PBXGroup section */
		38028C9A1FC558AB003A4E95 /* Misc */ = {
			isa = PBXGroup;
			children = (
				38028C981FC558A7003A4E95 /* WelcomeViewController.swift */,
				380EB3881FDE3AB900AB4AB3 /* TutorialViewController.swift */,
				38F135B81FE75F5900176C9A /* LaunchScreenViewController.swift */,
				38856BAB1FE84B1500349828 /* Info-About-Settings */,
			);
			path = Misc;
			sourceTree = "<group>";
		};
		38028C9B1FC558BC003A4E95 /* Core */ = {
			isa = PBXGroup;
			children = (
				38856BA71FE84AB600349828 /* Server */,
				38D5E9551FEA4D2200AB0902 /* Cloud Code */,
				38856BA81FE84AC300349828 /* Schema */,
				38856BA91FE84AD200349828 /* Class */,
				38856BAA1FE84ADA00349828 /* Object */,
				38DE1D0E1FC5453200C49508 /* ArrayViewController.swift */,
				38DE1D0D1FC5453200C49508 /* FileViewController.swift */,
			);
			path = Core;
			sourceTree = "<group>";
		};
		38028C9C1FC55C3C003A4E95 /* Base */ = {
			isa = PBXGroup;
			children = (
				3872C1EC1FC3C4FC00EBD87F /* PFCollectionViewController.swift */,
				3848CA0A1FC552560038A636 /* PFTableViewController.swift */,
				38D5E9621FEC49A700AB0902 /* PFImagePickerController.swift */,
			);
			path = Base;
			sourceTree = "<group>";
		};
		38028C9D1FC55C47003A4E95 /* CollectionViewCells */ = {
			isa = PBXGroup;
			children = (
				3872C1F21FC3C8AA00EBD87F /* PFCollectionViewCell.swift */,
				3872C1EE1FC3C84E00EBD87F /* ServerCell.swift */,
				3872C20D1FC415AB00EBD87F /* SchemaCell.swift */,
				38DE1CFB1FC4BB1B00C49508 /* ClassCell.swift */,
				38DE1D071FC516A700C49508 /* FieldCell.swift */,
			);
			path = CollectionViewCells;
			sourceTree = "<group>";
		};
		38028C9E1FC55C59003A4E95 /* TableViewCells */ = {
			isa = PBXGroup;
			children = (
				38DE1CF51FC4BAB700C49508 /* QueryHelpCell.swift */,
				38DE1CF61FC4BAB700C49508 /* QueryInputCell.swift */,
			);
			path = TableViewCells;
			sourceTree = "<group>";
		};
		382BFF571FDE15BF0050FF15 /* FormerCells */ = {
			isa = PBXGroup;
			children = (
				382BFF531FDE15BC0050FF15 /* FormerFieldCell.swift */,
				382BFF581FDE15FB0050FF15 /* FormerFieldCell.xib */,
				382BFF541FDE15BC0050FF15 /* FormerImageCell.swift */,
				382BFF591FDE15FC0050FF15 /* FormerImageCell.xib */,
			);
			path = FormerCells;
			sourceTree = "<group>";
		};
		3872C1BA1FC3BC6400EBD87F = {
			isa = PBXGroup;
			children = (
				38856BAF1FE8635900349828 /* LICENSE */,
				38856BB01FE8635900349828 /* README.md */,
				3872C1C51FC3BC6400EBD87F /* Parse Dashboard for iOS */,
				3872C1C41FC3BC6400EBD87F /* Products */,
				C47E14E626273EA976A6D0B0 /* Pods */,
				3E82BA79F155D6BA924309A9 /* Frameworks */,
			);
			sourceTree = "<group>";
		};
		3872C1C41FC3BC6400EBD87F /* Products */ = {
			isa = PBXGroup;
			children = (
				3872C1C31FC3BC6400EBD87F /* Parse Dashboard for iOS.app */,
			);
			name = Products;
			sourceTree = "<group>";
		};
		3872C1C51FC3BC6400EBD87F /* Parse Dashboard for iOS */ = {
			isa = PBXGroup;
			children = (
				3872C1C61FC3BC6400EBD87F /* AppDelegate.swift */,
				3872C1E61FC3C41100EBD87F /* Views */,
				3872C1E51FC3C40A00EBD87F /* Controllers */,
				3872C1DD1FC3BCFB00EBD87F /* Models */,
				3872C1E01FC3BE2800EBD87F /* Extensions */,
				3872C1CA1FC3BC6400EBD87F /* Assets.xcassets */,
				3872C2091FC409C400EBD87F /* Supporting Files */,
			);
			path = "Parse Dashboard for iOS";
			sourceTree = "<group>";
		};
		3872C1DD1FC3BCFB00EBD87F /* Models */ = {
			isa = PBXGroup;
			children = (
				38B2204F1FDF4782002F12BD /* Auth.swift */,
				38D23F991FE8D42700D42A2D /* File.swift */,
				3809B9ED1FE4D2A200D8DD2A /* DeepLink.swift */,
				3852AA7A1FDCC7E000D7B009 /* IAPHandler.swift */,
				3872C1D81FC3BCF600EBD87F /* Parse.swift */,
				3872C1D51FC3BCF500EBD87F /* PFObject.swift */,
				3872C1D71FC3BCF600EBD87F /* PFSchema.swift */,
				3872C1D61FC3BCF600EBD87F /* PFServer.swift */,
			);
			path = Models;
			sourceTree = "<group>";
		};
		3872C1E01FC3BE2800EBD87F /* Extensions */ = {
			isa = PBXGroup;
			children = (
				3872C1F41FC3C91600EBD87F /* UIView+AutoLayout.swift */,
				38D5E9641FEC590200AB0902 /* UIButton+Extensions.swift */,
				3872C1E11FC3C08200EBD87F /* String+Extensions.swift */,
				3872C1E21FC3C08200EBD87F /* UIColor+Extensions.swift */,
				38028C9F1FC560FD003A4E95 /* UIDevice+Extensions.swift */,
				3872C1F61FC3CC2000EBD87F /* UIImage+Extensions.swift */,
				38DE1D031FC5149B00C49508 /* Date+Extensions.swift */,
				3872C1DE1FC3BE2400EBD87F /* UIApplication+Extensions.swift */,
				38F12D3D1FC696D300D3817D /* UIAlertController+Extensions.swift */,
				38AF51FF1FDF30ED00FC4B40 /* UIViewController+Extentions.swift */,
				38F135BE1FE763D000176C9A /* UIWindow+Extenions.swift */,
			);
			path = Extensions;
			sourceTree = "<group>";
		};
		3872C1E51FC3C40A00EBD87F /* Controllers */ = {
			isa = PBXGroup;
			children = (
				38028C9C1FC55C3C003A4E95 /* Base */,
				38028C9A1FC558AB003A4E95 /* Misc */,
				38028C9B1FC558BC003A4E95 /* Core */,
			);
			path = Controllers;
			sourceTree = "<group>";
		};
		3872C1E61FC3C41100EBD87F /* Views */ = {
			isa = PBXGroup;
			children = (
				38028C9D1FC55C47003A4E95 /* CollectionViewCells */,
				38028C9E1FC55C59003A4E95 /* TableViewCells */,
				382BFF571FDE15BF0050FF15 /* FormerCells */,
				38DE1CFD1FC4C30E00C49508 /* InputTextView.swift */,
				382BFF511FDE15220050FF15 /* FormerInputAccessoryView.swift */,
				38D5E9601FEA61C900AB0902 /* ConsoleView.swift */,
			);
			path = Views;
			sourceTree = "<group>";
		};
		3872C2091FC409C400EBD87F /* Supporting Files */ = {
			isa = PBXGroup;
			children = (
				3872C1CC1FC3BC6400EBD87F /* LaunchScreen.storyboard */,
				38F135BC1FE7603300176C9A /* LaunchScreenCopy.storyboard */,
				3872C1CF1FC3BC6400EBD87F /* Info.plist */,
				3872C1E71FC3C42F00EBD87F /* Parse_Dashboard_for_iOS.xcdatamodeld */,
				38F135C01FE77A7B00176C9A /* Pods-Parse Dashboard for iOS-acknowledgements.plist */,
				38DE1CFF1FC4C32300C49508 /* NSConstraintLayoutSet.swift */,
			);
			path = "Supporting Files";
			sourceTree = "<group>";
		};
		38856BA71FE84AB600349828 /* Server */ = {
			isa = PBXGroup;
			children = (
				3872C1EA1FC3C49900EBD87F /* ServersViewController.swift */,
				382BFF4E1FDE13E10050FF15 /* ServerConfigViewController.swift */,
				38DE1D0B1FC5415000C49508 /* ServerDetailViewController.swift */,
			);
			path = Server;
			sourceTree = "<group>";
		};
		38856BA81FE84AC300349828 /* Schema */ = {
			isa = PBXGroup;
			children = (
				3872C20B1FC414E100EBD87F /* SchemaViewController.swift */,
				38028CA91FC56611003A4E95 /* SchemaDetailViewController.swift */,
			);
			path = Schema;
			sourceTree = "<group>";
		};
		38856BA91FE84AD200349828 /* Class */ = {
			isa = PBXGroup;
			children = (
				38DE1CF11FC4BAA600C49508 /* ClassViewController.swift */,
				38DE1CF21FC4BAA600C49508 /* QueryViewController.swift */,
				38055AFA1FE9B91C00699F2B /* QueryBuilderViewController.swift */,
			);
			path = Class;
			sourceTree = "<group>";
		};
		38856BAA1FE84ADA00349828 /* Object */ = {
			isa = PBXGroup;
			children = (
				38F135C21FE7807400176C9A /* ObjectBuilderViewController.swift */,
				38E64ABE1FE7A6D0006949B7 /* ObjectSelectorController.swift */,
				38DE1D051FC515B800C49508 /* ObjectViewController.swift */,
			);
			path = Object;
			sourceTree = "<group>";
		};
		38856BAB1FE84B1500349828 /* Info-About-Settings */ = {
			isa = PBXGroup;
			children = (
				38AF51FB1FDF2F6B00FC4B40 /* MoreViewController.swift */,
				38DE1D011FC511EF00C49508 /* AppInfoViewController.swift */,
				3852AA781FDCC7D900D7B009 /* SupportViewController.swift */,
				38AF51FD1FDF300200FC4B40 /* SettingsViewController.swift */,
			);
			path = "Info-About-Settings";
			sourceTree = "<group>";
		};
		38D5E9551FEA4D2200AB0902 /* Cloud Code */ = {
			isa = PBXGroup;
			children = (
				38D5E9561FEA4D5600AB0902 /* CloudCodeViewController.swift */,
				38D5E9581FEA50FA00AB0902 /* CloudCodeBuilderViewController.swift */,
			);
			path = "Cloud Code";
			sourceTree = "<group>";
		};
		3E82BA79F155D6BA924309A9 /* Frameworks */ = {
			isa = PBXGroup;
			children = (
				49DEF2EA353A95C2C89F0735 /* Pods_Parse_Dashboard_for_iOS.framework */,
			);
			name = Frameworks;
			sourceTree = "<group>";
		};
		C47E14E626273EA976A6D0B0 /* Pods */ = {
			isa = PBXGroup;
			children = (
				A04CF76C16F215027BB1D481 /* Pods-Parse Dashboard for iOS.debug.xcconfig */,
				E34E4B477BD41310F7A5DDF0 /* Pods-Parse Dashboard for iOS.release.xcconfig */,
			);
			name = Pods;
			sourceTree = "<group>";
		};
/* End PBXGroup section */

/* Begin PBXNativeTarget section */
		3872C1C21FC3BC6400EBD87F /* Parse Dashboard for iOS */ = {
			isa = PBXNativeTarget;
			buildConfigurationList = 3872C1D21FC3BC6400EBD87F /* Build configuration list for PBXNativeTarget "Parse Dashboard for iOS" */;
			buildPhases = (
				5DA026779FD0A514AF18E61E /* [CP] Check Pods Manifest.lock */,
				3872C1BF1FC3BC6400EBD87F /* Sources */,
				3872C1C01FC3BC6400EBD87F /* Frameworks */,
				3872C1C11FC3BC6400EBD87F /* Resources */,
				7E88D07362325C763A60755D /* [CP] Embed Pods Frameworks */,
				4D44E81D57475E75BB56CE79 /* [CP] Copy Pods Resources */,
			);
			buildRules = (
			);
			dependencies = (
			);
			name = "Parse Dashboard for iOS";
			productName = "Parse Dashboard for iOS";
			productReference = 3872C1C31FC3BC6400EBD87F /* Parse Dashboard for iOS.app */;
			productType = "com.apple.product-type.application";
		};
/* End PBXNativeTarget section */

/* Begin PBXProject section */
		3872C1BB1FC3BC6400EBD87F /* Project object */ = {
			isa = PBXProject;
			attributes = {
				LastSwiftUpdateCheck = 0910;
				LastUpgradeCheck = 0910;
				ORGANIZATIONNAME = "Nathan Tannar";
				TargetAttributes = {
					3872C1C21FC3BC6400EBD87F = {
						CreatedOnToolsVersion = 9.1;
						ProvisioningStyle = Automatic;
					};
				};
			};
			buildConfigurationList = 3872C1BE1FC3BC6400EBD87F /* Build configuration list for PBXProject "Parse Dashboard for iOS" */;
			compatibilityVersion = "Xcode 8.0";
			developmentRegion = en;
			hasScannedForEncodings = 0;
			knownRegions = (
				en,
				Base,
			);
			mainGroup = 3872C1BA1FC3BC6400EBD87F;
			productRefGroup = 3872C1C41FC3BC6400EBD87F /* Products */;
			projectDirPath = "";
			projectRoot = "";
			targets = (
				3872C1C21FC3BC6400EBD87F /* Parse Dashboard for iOS */,
			);
		};
/* End PBXProject section */

/* Begin PBXResourcesBuildPhase section */
		3872C1C11FC3BC6400EBD87F /* Resources */ = {
			isa = PBXResourcesBuildPhase;
			buildActionMask = 2147483647;
			files = (
				3872C1CB1FC3BC6400EBD87F /* Assets.xcassets in Resources */,
				38F135C11FE77A7B00176C9A /* Pods-Parse Dashboard for iOS-acknowledgements.plist in Resources */,
				382BFF5B1FDE15FC0050FF15 /* FormerImageCell.xib in Resources */,
				38856BB11FE8635A00349828 /* LICENSE in Resources */,
				38F135BD1FE7603300176C9A /* LaunchScreenCopy.storyboard in Resources */,
				3872C1CE1FC3BC6400EBD87F /* LaunchScreen.storyboard in Resources */,
				38856BB21FE8635A00349828 /* README.md in Resources */,
				382BFF5A1FDE15FC0050FF15 /* FormerFieldCell.xib in Resources */,
			);
			runOnlyForDeploymentPostprocessing = 0;
		};
/* End PBXResourcesBuildPhase section */

/* Begin PBXShellScriptBuildPhase section */
		4D44E81D57475E75BB56CE79 /* [CP] Copy Pods Resources */ = {
			isa = PBXShellScriptBuildPhase;
			buildActionMask = 2147483647;
			files = (
			);
			inputPaths = (
			);
			name = "[CP] Copy Pods Resources";
			outputPaths = (
			);
			runOnlyForDeploymentPostprocessing = 0;
			shellPath = /bin/sh;
			shellScript = "\"${SRCROOT}/Pods/Target Support Files/Pods-Parse Dashboard for iOS/Pods-Parse Dashboard for iOS-resources.sh\"\n";
			showEnvVarsInLog = 0;
		};
		5DA026779FD0A514AF18E61E /* [CP] Check Pods Manifest.lock */ = {
			isa = PBXShellScriptBuildPhase;
			buildActionMask = 2147483647;
			files = (
			);
			inputPaths = (
				"${PODS_PODFILE_DIR_PATH}/Podfile.lock",
				"${PODS_ROOT}/Manifest.lock",
			);
			name = "[CP] Check Pods Manifest.lock";
			outputPaths = (
				"$(DERIVED_FILE_DIR)/Pods-Parse Dashboard for iOS-checkManifestLockResult.txt",
			);
			runOnlyForDeploymentPostprocessing = 0;
			shellPath = /bin/sh;
			shellScript = "diff \"${PODS_PODFILE_DIR_PATH}/Podfile.lock\" \"${PODS_ROOT}/Manifest.lock\" > /dev/null\nif [ $? != 0 ] ; then\n    # print error to STDERR\n    echo \"error: The sandbox is not in sync with the Podfile.lock. Run 'pod install' or update your CocoaPods installation.\" >&2\n    exit 1\nfi\n# This output is used by Xcode 'outputs' to avoid re-running this script phase.\necho \"SUCCESS\" > \"${SCRIPT_OUTPUT_FILE_0}\"\n";
			showEnvVarsInLog = 0;
		};
		7E88D07362325C763A60755D /* [CP] Embed Pods Frameworks */ = {
			isa = PBXShellScriptBuildPhase;
			buildActionMask = 2147483647;
			files = (
			);
			inputPaths = (
				"${SRCROOT}/Pods/Target Support Files/Pods-Parse Dashboard for iOS/Pods-Parse Dashboard for iOS-frameworks.sh",
				"${BUILT_PRODUCTS_DIR}/AcknowList/AcknowList.framework",
				"${BUILT_PRODUCTS_DIR}/AlertHUDKit/AlertHUDKit.framework",
				"${BUILT_PRODUCTS_DIR}/BiometricAuthentication/BiometricAuthentication.framework",
				"${BUILT_PRODUCTS_DIR}/DynamicTabBarController/DynamicTabBarController.framework",
				"${BUILT_PRODUCTS_DIR}/Former/Former.framework",
				"${BUILT_PRODUCTS_DIR}/PDFReader/PDFReader.framework",
				"${BUILT_PRODUCTS_DIR}/RMActionController/RMActionController.framework",
				"${BUILT_PRODUCTS_DIR}/RMDateSelectionViewController/RMDateSelectionViewController.framework",
				"${BUILT_PRODUCTS_DIR}/SwiftyJSON/SwiftyJSON.framework",
			);
			name = "[CP] Embed Pods Frameworks";
			outputPaths = (
				"${TARGET_BUILD_DIR}/${FRAMEWORKS_FOLDER_PATH}/AcknowList.framework",
				"${TARGET_BUILD_DIR}/${FRAMEWORKS_FOLDER_PATH}/AlertHUDKit.framework",
				"${TARGET_BUILD_DIR}/${FRAMEWORKS_FOLDER_PATH}/BiometricAuthentication.framework",
				"${TARGET_BUILD_DIR}/${FRAMEWORKS_FOLDER_PATH}/DynamicTabBarController.framework",
				"${TARGET_BUILD_DIR}/${FRAMEWORKS_FOLDER_PATH}/Former.framework",
				"${TARGET_BUILD_DIR}/${FRAMEWORKS_FOLDER_PATH}/PDFReader.framework",
				"${TARGET_BUILD_DIR}/${FRAMEWORKS_FOLDER_PATH}/RMActionController.framework",
				"${TARGET_BUILD_DIR}/${FRAMEWORKS_FOLDER_PATH}/RMDateSelectionViewController.framework",
				"${TARGET_BUILD_DIR}/${FRAMEWORKS_FOLDER_PATH}/SwiftyJSON.framework",
			);
			runOnlyForDeploymentPostprocessing = 0;
			shellPath = /bin/sh;
			shellScript = "\"${SRCROOT}/Pods/Target Support Files/Pods-Parse Dashboard for iOS/Pods-Parse Dashboard for iOS-frameworks.sh\"\n";
			showEnvVarsInLog = 0;
		};
/* End PBXShellScriptBuildPhase section */

/* Begin PBXSourcesBuildPhase section */
		3872C1BF1FC3BC6400EBD87F /* Sources */ = {
			isa = PBXSourcesBuildPhase;
			buildActionMask = 2147483647;
			files = (
				3872C1DF1FC3BE2500EBD87F /* UIApplication+Extensions.swift in Sources */,
				38DE1CF81FC4BAB700C49508 /* QueryHelpCell.swift in Sources */,
				38DE1D061FC515B800C49508 /* ObjectViewController.swift in Sources */,
				38F135BF1FE763D000176C9A /* UIWindow+Extenions.swift in Sources */,
				3872C1F71FC3CC2000EBD87F /* UIImage+Extensions.swift in Sources */,
				38DE1CFE1FC4C30E00C49508 /* InputTextView.swift in Sources */,
				3872C1DC1FC3BCF600EBD87F /* Parse.swift in Sources */,
				38F12D3E1FC696D300D3817D /* UIAlertController+Extensions.swift in Sources */,
				38DE1D0F1FC5453200C49508 /* FileViewController.swift in Sources */,
				38028CAA1FC56611003A4E95 /* SchemaDetailViewController.swift in Sources */,
				38DE1D081FC516A700C49508 /* FieldCell.swift in Sources */,
				382BFF521FDE15220050FF15 /* FormerInputAccessoryView.swift in Sources */,
				3872C1DB1FC3BCF600EBD87F /* PFSchema.swift in Sources */,
				38028CA01FC560FD003A4E95 /* UIDevice+Extensions.swift in Sources */,
				3872C1F51FC3C91600EBD87F /* UIView+AutoLayout.swift in Sources */,
				3872C20C1FC414E100EBD87F /* SchemaViewController.swift in Sources */,
				3872C1E31FC3C08200EBD87F /* String+Extensions.swift in Sources */,
				3852AA7B1FDCC7E000D7B009 /* IAPHandler.swift in Sources */,
				3872C1EB1FC3C49900EBD87F /* ServersViewController.swift in Sources */,
				3852AA791FDCC7D900D7B009 /* SupportViewController.swift in Sources */,
				38D5E9571FEA4D5600AB0902 /* CloudCodeViewController.swift in Sources */,
				38DE1D021FC511EF00C49508 /* AppInfoViewController.swift in Sources */,
				38DE1D041FC5149B00C49508 /* Date+Extensions.swift in Sources */,
				38AF51FE1FDF300200FC4B40 /* SettingsViewController.swift in Sources */,
				3872C1D91FC3BCF600EBD87F /* PFObject.swift in Sources */,
				3872C1DA1FC3BCF600EBD87F /* PFServer.swift in Sources */,
				3872C1E41FC3C08200EBD87F /* UIColor+Extensions.swift in Sources */,
				38DE1CFC1FC4BB1B00C49508 /* ClassCell.swift in Sources */,
				3809B9EE1FE4D2A200D8DD2A /* DeepLink.swift in Sources */,
				38D5E9631FEC49A700AB0902 /* PFImagePickerController.swift in Sources */,
				3848CA0B1FC552560038A636 /* PFTableViewController.swift in Sources */,
				38DE1D001FC4C32300C49508 /* NSConstraintLayoutSet.swift in Sources */,
				3872C1ED1FC3C4FC00EBD87F /* PFCollectionViewController.swift in Sources */,
				38DE1CF41FC4BAA600C49508 /* QueryViewController.swift in Sources */,
				3872C1F31FC3C8AA00EBD87F /* PFCollectionViewCell.swift in Sources */,
				38028C991FC558A7003A4E95 /* WelcomeViewController.swift in Sources */,
				38AF52001FDF30ED00FC4B40 /* UIViewController+Extentions.swift in Sources */,
				38F135B91FE75F5900176C9A /* LaunchScreenViewController.swift in Sources */,
				380EB3891FDE3AB900AB4AB3 /* TutorialViewController.swift in Sources */,
				3872C1E91FC3C42F00EBD87F /* Parse_Dashboard_for_iOS.xcdatamodeld in Sources */,
				38AF51FC1FDF2F6B00FC4B40 /* MoreViewController.swift in Sources */,
				38D5E9611FEA61C900AB0902 /* ConsoleView.swift in Sources */,
				3872C1EF1FC3C84E00EBD87F /* ServerCell.swift in Sources */,
				382BFF561FDE15BC0050FF15 /* FormerImageCell.swift in Sources */,
				38E64ABF1FE7A6D0006949B7 /* ObjectSelectorController.swift in Sources */,
				38B220501FDF4783002F12BD /* Auth.swift in Sources */,
				38DE1CF31FC4BAA600C49508 /* ClassViewController.swift in Sources */,
				3872C1C71FC3BC6400EBD87F /* AppDelegate.swift in Sources */,
				382BFF551FDE15BC0050FF15 /* FormerFieldCell.swift in Sources */,
				38DE1D101FC5453200C49508 /* ArrayViewController.swift in Sources */,
				3872C20E1FC415AB00EBD87F /* SchemaCell.swift in Sources */,
				38055AFB1FE9B91C00699F2B /* QueryBuilderViewController.swift in Sources */,
				38DE1D0C1FC5415000C49508 /* ServerDetailViewController.swift in Sources */,
				38D23F9A1FE8D42700D42A2D /* File.swift in Sources */,
				38F135C31FE7807400176C9A /* ObjectBuilderViewController.swift in Sources */,
				382BFF4F1FDE13E10050FF15 /* ServerConfigViewController.swift in Sources */,
				38DE1CF91FC4BAB700C49508 /* QueryInputCell.swift in Sources */,
				38D5E9591FEA50FA00AB0902 /* CloudCodeBuilderViewController.swift in Sources */,
				38D5E9651FEC590200AB0902 /* UIButton+Extensions.swift in Sources */,
			);
			runOnlyForDeploymentPostprocessing = 0;
		};
/* End PBXSourcesBuildPhase section */

/* Begin PBXVariantGroup section */
		3872C1CC1FC3BC6400EBD87F /* LaunchScreen.storyboard */ = {
			isa = PBXVariantGroup;
			children = (
				3872C1CD1FC3BC6400EBD87F /* Base */,
			);
			name = LaunchScreen.storyboard;
			sourceTree = "<group>";
		};
/* End PBXVariantGroup section */

/* Begin XCBuildConfiguration section */
		3872C1D01FC3BC6400EBD87F /* Debug */ = {
			isa = XCBuildConfiguration;
			buildSettings = {
				ALWAYS_SEARCH_USER_PATHS = NO;
				CLANG_ANALYZER_NONNULL = YES;
				CLANG_ANALYZER_NUMBER_OBJECT_CONVERSION = YES_AGGRESSIVE;
				CLANG_CXX_LANGUAGE_STANDARD = "gnu++14";
				CLANG_CXX_LIBRARY = "libc++";
				CLANG_ENABLE_MODULES = YES;
				CLANG_ENABLE_OBJC_ARC = YES;
				CLANG_WARN_BLOCK_CAPTURE_AUTORELEASING = YES;
				CLANG_WARN_BOOL_CONVERSION = YES;
				CLANG_WARN_COMMA = YES;
				CLANG_WARN_CONSTANT_CONVERSION = YES;
				CLANG_WARN_DIRECT_OBJC_ISA_USAGE = YES_ERROR;
				CLANG_WARN_DOCUMENTATION_COMMENTS = YES;
				CLANG_WARN_EMPTY_BODY = YES;
				CLANG_WARN_ENUM_CONVERSION = YES;
				CLANG_WARN_INFINITE_RECURSION = YES;
				CLANG_WARN_INT_CONVERSION = YES;
				CLANG_WARN_NON_LITERAL_NULL_CONVERSION = YES;
				CLANG_WARN_OBJC_LITERAL_CONVERSION = YES;
				CLANG_WARN_OBJC_ROOT_CLASS = YES_ERROR;
				CLANG_WARN_RANGE_LOOP_ANALYSIS = YES;
				CLANG_WARN_STRICT_PROTOTYPES = YES;
				CLANG_WARN_SUSPICIOUS_MOVE = YES;
				CLANG_WARN_UNGUARDED_AVAILABILITY = YES_AGGRESSIVE;
				CLANG_WARN_UNREACHABLE_CODE = YES;
				CLANG_WARN__DUPLICATE_METHOD_MATCH = YES;
				CODE_SIGN_IDENTITY = "iPhone Developer";
				COPY_PHASE_STRIP = NO;
				DEBUG_INFORMATION_FORMAT = dwarf;
				ENABLE_STRICT_OBJC_MSGSEND = YES;
				ENABLE_TESTABILITY = YES;
				GCC_C_LANGUAGE_STANDARD = gnu11;
				GCC_DYNAMIC_NO_PIC = NO;
				GCC_NO_COMMON_BLOCKS = YES;
				GCC_OPTIMIZATION_LEVEL = 0;
				GCC_PREPROCESSOR_DEFINITIONS = (
					"DEBUG=1",
					"$(inherited)",
				);
				GCC_WARN_64_TO_32_BIT_CONVERSION = YES;
				GCC_WARN_ABOUT_RETURN_TYPE = YES_ERROR;
				GCC_WARN_UNDECLARED_SELECTOR = YES;
				GCC_WARN_UNINITIALIZED_AUTOS = YES_AGGRESSIVE;
				GCC_WARN_UNUSED_FUNCTION = YES;
				GCC_WARN_UNUSED_VARIABLE = YES;
				IPHONEOS_DEPLOYMENT_TARGET = 11.1;
				MTL_ENABLE_DEBUG_INFO = YES;
				ONLY_ACTIVE_ARCH = YES;
				SDKROOT = iphoneos;
				SWIFT_ACTIVE_COMPILATION_CONDITIONS = DEBUG;
				SWIFT_OPTIMIZATION_LEVEL = "-Onone";
			};
			name = Debug;
		};
		3872C1D11FC3BC6400EBD87F /* Release */ = {
			isa = XCBuildConfiguration;
			buildSettings = {
				ALWAYS_SEARCH_USER_PATHS = NO;
				CLANG_ANALYZER_NONNULL = YES;
				CLANG_ANALYZER_NUMBER_OBJECT_CONVERSION = YES_AGGRESSIVE;
				CLANG_CXX_LANGUAGE_STANDARD = "gnu++14";
				CLANG_CXX_LIBRARY = "libc++";
				CLANG_ENABLE_MODULES = YES;
				CLANG_ENABLE_OBJC_ARC = YES;
				CLANG_WARN_BLOCK_CAPTURE_AUTORELEASING = YES;
				CLANG_WARN_BOOL_CONVERSION = YES;
				CLANG_WARN_COMMA = YES;
				CLANG_WARN_CONSTANT_CONVERSION = YES;
				CLANG_WARN_DIRECT_OBJC_ISA_USAGE = YES_ERROR;
				CLANG_WARN_DOCUMENTATION_COMMENTS = YES;
				CLANG_WARN_EMPTY_BODY = YES;
				CLANG_WARN_ENUM_CONVERSION = YES;
				CLANG_WARN_INFINITE_RECURSION = YES;
				CLANG_WARN_INT_CONVERSION = YES;
				CLANG_WARN_NON_LITERAL_NULL_CONVERSION = YES;
				CLANG_WARN_OBJC_LITERAL_CONVERSION = YES;
				CLANG_WARN_OBJC_ROOT_CLASS = YES_ERROR;
				CLANG_WARN_RANGE_LOOP_ANALYSIS = YES;
				CLANG_WARN_STRICT_PROTOTYPES = YES;
				CLANG_WARN_SUSPICIOUS_MOVE = YES;
				CLANG_WARN_UNGUARDED_AVAILABILITY = YES_AGGRESSIVE;
				CLANG_WARN_UNREACHABLE_CODE = YES;
				CLANG_WARN__DUPLICATE_METHOD_MATCH = YES;
				CODE_SIGN_IDENTITY = "iPhone Developer";
				COPY_PHASE_STRIP = NO;
				DEBUG_INFORMATION_FORMAT = "dwarf-with-dsym";
				ENABLE_NS_ASSERTIONS = NO;
				ENABLE_STRICT_OBJC_MSGSEND = YES;
				GCC_C_LANGUAGE_STANDARD = gnu11;
				GCC_NO_COMMON_BLOCKS = YES;
				GCC_WARN_64_TO_32_BIT_CONVERSION = YES;
				GCC_WARN_ABOUT_RETURN_TYPE = YES_ERROR;
				GCC_WARN_UNDECLARED_SELECTOR = YES;
				GCC_WARN_UNINITIALIZED_AUTOS = YES_AGGRESSIVE;
				GCC_WARN_UNUSED_FUNCTION = YES;
				GCC_WARN_UNUSED_VARIABLE = YES;
				IPHONEOS_DEPLOYMENT_TARGET = 11.1;
				MTL_ENABLE_DEBUG_INFO = NO;
				SDKROOT = iphoneos;
				SWIFT_OPTIMIZATION_LEVEL = "-Owholemodule";
				VALIDATE_PRODUCT = YES;
			};
			name = Release;
		};
		3872C1D31FC3BC6400EBD87F /* Debug */ = {
			isa = XCBuildConfiguration;
			baseConfigurationReference = A04CF76C16F215027BB1D481 /* Pods-Parse Dashboard for iOS.debug.xcconfig */;
			buildSettings = {
				ASSETCATALOG_COMPILER_APPICON_NAME = AppIcon;
				CODE_SIGN_STYLE = Automatic;
				DEVELOPMENT_TEAM = JH5XJ55XGZ;
				INFOPLIST_FILE = "$(SRCROOT)/Parse Dashboard for iOS/Supporting Files/Info.plist";
				IPHONEOS_DEPLOYMENT_TARGET = 10.0;
				LD_RUNPATH_SEARCH_PATHS = "$(inherited) @executable_path/Frameworks";
				PRODUCT_BUNDLE_IDENTIFIER = "me.nathantannar.Parse-Dashboard";
				PRODUCT_NAME = "$(TARGET_NAME)";
				SWIFT_VERSION = 4.0;
				TARGETED_DEVICE_FAMILY = "1,2";
			};
			name = Debug;
		};
		3872C1D41FC3BC6400EBD87F /* Release */ = {
			isa = XCBuildConfiguration;
			baseConfigurationReference = E34E4B477BD41310F7A5DDF0 /* Pods-Parse Dashboard for iOS.release.xcconfig */;
			buildSettings = {
				ASSETCATALOG_COMPILER_APPICON_NAME = AppIcon;
				CODE_SIGN_STYLE = Automatic;
				DEVELOPMENT_TEAM = JH5XJ55XGZ;
				INFOPLIST_FILE = "$(SRCROOT)/Parse Dashboard for iOS/Supporting Files/Info.plist";
				IPHONEOS_DEPLOYMENT_TARGET = 10.0;
				LD_RUNPATH_SEARCH_PATHS = "$(inherited) @executable_path/Frameworks";
				PRODUCT_BUNDLE_IDENTIFIER = "me.nathantannar.Parse-Dashboard";
				PRODUCT_NAME = "$(TARGET_NAME)";
				SWIFT_VERSION = 4.0;
				TARGETED_DEVICE_FAMILY = "1,2";
			};
			name = Release;
		};
/* End XCBuildConfiguration section */

/* Begin XCConfigurationList section */
		3872C1BE1FC3BC6400EBD87F /* Build configuration list for PBXProject "Parse Dashboard for iOS" */ = {
			isa = XCConfigurationList;
			buildConfigurations = (
				3872C1D01FC3BC6400EBD87F /* Debug */,
				3872C1D11FC3BC6400EBD87F /* Release */,
			);
			defaultConfigurationIsVisible = 0;
			defaultConfigurationName = Release;
		};
		3872C1D21FC3BC6400EBD87F /* Build configuration list for PBXNativeTarget "Parse Dashboard for iOS" */ = {
			isa = XCConfigurationList;
			buildConfigurations = (
				3872C1D31FC3BC6400EBD87F /* Debug */,
				3872C1D41FC3BC6400EBD87F /* Release */,
			);
			defaultConfigurationIsVisible = 0;
			defaultConfigurationName = Release;
		};
/* End XCConfigurationList section */

/* Begin XCVersionGroup section */
		3872C1E71FC3C42F00EBD87F /* Parse_Dashboard_for_iOS.xcdatamodeld */ = {
			isa = XCVersionGroup;
			children = (
				3872C1E81FC3C42F00EBD87F /* Parse_Dashboard_for_iOS.xcdatamodel */,
			);
			currentVersion = 3872C1E81FC3C42F00EBD87F /* Parse_Dashboard_for_iOS.xcdatamodel */;
			path = Parse_Dashboard_for_iOS.xcdatamodeld;
			sourceTree = "<group>";
			versionGroupType = wrapper.xcdatamodel;
		};
/* End XCVersionGroup section */
	};
	rootObject = 3872C1BB1FC3BC6400EBD87F /* Project object */;
}
