// !$*UTF8*$!
{
	archiveVersion = 1;
	classes = {
	};
	objectVersion = 46;
	objects = {

/* Begin PBXBuildFile section */
		3800075C1F5A6F3300F4CF6C /* UIActivity+OpenInSafari.swift in Sources */ = {isa = PBXBuildFile; fileRef = 3800075B1F5A6F3300F4CF6C /* UIActivity+OpenInSafari.swift */; };
		3800075E1F5A7D4500F4CF6C /* UIWebViewController.swift in Sources */ = {isa = PBXBuildFile; fileRef = 3800075D1F5A7D4500F4CF6C /* UIWebViewController.swift */; };
		38074EC21F57B96A001F53FA /* ServerViewController.swift in Sources */ = {isa = PBXBuildFile; fileRef = 38074EC11F57B96A001F53FA /* ServerViewController.swift */; };
		38074EC71F57B9E6001F53FA /* UIColor+Extensions.swift in Sources */ = {isa = PBXBuildFile; fileRef = 38074EC61F57B9E6001F53FA /* UIColor+Extensions.swift */; };
		38074EC91F57BB59001F53FA /* Parse.swift in Sources */ = {isa = PBXBuildFile; fileRef = 38074EC81F57BB59001F53FA /* Parse.swift */; };
		38074ECB1F57BF41001F53FA /* ServerCell.swift in Sources */ = {isa = PBXBuildFile; fileRef = 38074ECA1F57BF41001F53FA /* ServerCell.swift */; };
		38074ECD1F57C3B0001F53FA /* SchemaViewController.swift in Sources */ = {isa = PBXBuildFile; fileRef = 38074ECC1F57C3B0001F53FA /* SchemaViewController.swift */; };
		38074ED11F586E50001F53FA /* ClassCell.swift in Sources */ = {isa = PBXBuildFile; fileRef = 38074ED01F586E50001F53FA /* ClassCell.swift */; };
		38074ED31F5870F8001F53FA /* ClassViewController.swift in Sources */ = {isa = PBXBuildFile; fileRef = 38074ED21F5870F8001F53FA /* ClassViewController.swift */; };
		38074ED51F587394001F53FA /* ObjectCell.swift in Sources */ = {isa = PBXBuildFile; fileRef = 38074ED41F587394001F53FA /* ObjectCell.swift */; };
		38074ED71F5876D8001F53FA /* QueryViewController.swift in Sources */ = {isa = PBXBuildFile; fileRef = 38074ED61F5876D8001F53FA /* QueryViewController.swift */; };
		38074ED91F58784C001F53FA /* QueryHelpCell.swift in Sources */ = {isa = PBXBuildFile; fileRef = 38074ED81F58784C001F53FA /* QueryHelpCell.swift */; };
		38074EDB1F58799F001F53FA /* QueryInputCell.swift in Sources */ = {isa = PBXBuildFile; fileRef = 38074EDA1F58799F001F53FA /* QueryInputCell.swift */; };
		38074EDD1F588D31001F53FA /* String+Extensions.swift in Sources */ = {isa = PBXBuildFile; fileRef = 38074EDC1F588D31001F53FA /* String+Extensions.swift */; };
		38074EDF1F58FE1A001F53FA /* ObjectViewController.swift in Sources */ = {isa = PBXBuildFile; fileRef = 38074EDE1F58FE1A001F53FA /* ObjectViewController.swift */; };
		38074EE11F58FE4F001F53FA /* FieldCell.swift in Sources */ = {isa = PBXBuildFile; fileRef = 38074EE01F58FE4F001F53FA /* FieldCell.swift */; };
		38074EE31F58FF49001F53FA /* PFObject.swift in Sources */ = {isa = PBXBuildFile; fileRef = 38074EE21F58FF49001F53FA /* PFObject.swift */; };
		38074EE51F58FF97001F53FA /* PFSchema.swift in Sources */ = {isa = PBXBuildFile; fileRef = 38074EE41F58FF97001F53FA /* PFSchema.swift */; };
		38074EE71F59063E001F53FA /* FileViewController.swift in Sources */ = {isa = PBXBuildFile; fileRef = 38074EE61F59063E001F53FA /* FileViewController.swift */; };
		38074EE91F590E4B001F53FA /* AppInfoViewController.swift in Sources */ = {isa = PBXBuildFile; fileRef = 38074EE81F590E4B001F53FA /* AppInfoViewController.swift */; };
		382A66371F64C1C30017CF9F /* StoreKit.framework in Frameworks */ = {isa = PBXBuildFile; fileRef = 382A66361F64C1C30017CF9F /* StoreKit.framework */; };
		382A66391F64C51A0017CF9F /* DonateViewController.swift in Sources */ = {isa = PBXBuildFile; fileRef = 382A66381F64C51A0017CF9F /* DonateViewController.swift */; };
		382A663B1F64CBFB0017CF9F /* IAPHandler.swift in Sources */ = {isa = PBXBuildFile; fileRef = 382A663A1F64CBFB0017CF9F /* IAPHandler.swift */; };
		385493661F5FB690003903DA /* ServerDetailViewController.swift in Sources */ = {isa = PBXBuildFile; fileRef = 385493651F5FB690003903DA /* ServerDetailViewController.swift */; };
		385493681F5FB6A7003903DA /* SchemaDetailViewController.swift in Sources */ = {isa = PBXBuildFile; fileRef = 385493671F5FB6A7003903DA /* SchemaDetailViewController.swift */; };
		3854936B1F5FBAA7003903DA /* PFServer.swift in Sources */ = {isa = PBXBuildFile; fileRef = 3854936A1F5FBAA7003903DA /* PFServer.swift */; };
		3854936D1F5FD3A0003903DA /* ArrayViewController.swift in Sources */ = {isa = PBXBuildFile; fileRef = 3854936C1F5FD3A0003903DA /* ArrayViewController.swift */; };
		3854936F1F6104D2003903DA /* WelcomeViewController.swift in Sources */ = {isa = PBXBuildFile; fileRef = 3854936E1F6104D2003903DA /* WelcomeViewController.swift */; };
		387520A11E664F8100CAAA88 /* AppDelegate.swift in Sources */ = {isa = PBXBuildFile; fileRef = 387520A01E664F8100CAAA88 /* AppDelegate.swift */; };
		387520A91E664F8100CAAA88 /* Parse_Dashboard_for_iOS.xcdatamodeld in Sources */ = {isa = PBXBuildFile; fileRef = 387520A71E664F8100CAAA88 /* Parse_Dashboard_for_iOS.xcdatamodeld */; };
		387520AB1E664F8100CAAA88 /* Assets.xcassets in Resources */ = {isa = PBXBuildFile; fileRef = 387520AA1E664F8100CAAA88 /* Assets.xcassets */; };
		387520AE1E664F8100CAAA88 /* LaunchScreen.storyboard in Resources */ = {isa = PBXBuildFile; fileRef = 387520AC1E664F8100CAAA88 /* LaunchScreen.storyboard */; };
		38B20E961E6BD9FD00DD71AC /* LICENSE in Resources */ = {isa = PBXBuildFile; fileRef = 38B20E951E6BD9FD00DD71AC /* LICENSE */; };
		A5F836F5F4E0AFD7CAFF4AC6 /* Pods_Parse_Dashboard_for_iOS.framework in Frameworks */ = {isa = PBXBuildFile; fileRef = EAC8301BEE3879A0D0B9BD6C /* Pods_Parse_Dashboard_for_iOS.framework */; };
/* End PBXBuildFile section */

/* Begin PBXFileReference section */
		3800075B1F5A6F3300F4CF6C /* UIActivity+OpenInSafari.swift */ = {isa = PBXFileReference; fileEncoding = 4; lastKnownFileType = sourcecode.swift; path = "UIActivity+OpenInSafari.swift"; sourceTree = "<group>"; };
		3800075D1F5A7D4500F4CF6C /* UIWebViewController.swift */ = {isa = PBXFileReference; fileEncoding = 4; lastKnownFileType = sourcecode.swift; path = UIWebViewController.swift; sourceTree = "<group>"; };
		38074EC11F57B96A001F53FA /* ServerViewController.swift */ = {isa = PBXFileReference; fileEncoding = 4; lastKnownFileType = sourcecode.swift; name = ServerViewController.swift; path = Controllers/ServerViewController.swift; sourceTree = "<group>"; };
		38074EC61F57B9E6001F53FA /* UIColor+Extensions.swift */ = {isa = PBXFileReference; fileEncoding = 4; lastKnownFileType = sourcecode.swift; name = "UIColor+Extensions.swift"; path = "Extensions/UIColor+Extensions.swift"; sourceTree = "<group>"; };
		38074EC81F57BB59001F53FA /* Parse.swift */ = {isa = PBXFileReference; fileEncoding = 4; lastKnownFileType = sourcecode.swift; name = Parse.swift; path = Models/Parse.swift; sourceTree = "<group>"; };
		38074ECA1F57BF41001F53FA /* ServerCell.swift */ = {isa = PBXFileReference; fileEncoding = 4; lastKnownFileType = sourcecode.swift; name = ServerCell.swift; path = Views/ServerCell.swift; sourceTree = "<group>"; };
		38074ECC1F57C3B0001F53FA /* SchemaViewController.swift */ = {isa = PBXFileReference; fileEncoding = 4; lastKnownFileType = sourcecode.swift; name = SchemaViewController.swift; path = Controllers/SchemaViewController.swift; sourceTree = "<group>"; };
		38074ED01F586E50001F53FA /* ClassCell.swift */ = {isa = PBXFileReference; fileEncoding = 4; lastKnownFileType = sourcecode.swift; name = ClassCell.swift; path = Views/ClassCell.swift; sourceTree = "<group>"; };
		38074ED21F5870F8001F53FA /* ClassViewController.swift */ = {isa = PBXFileReference; fileEncoding = 4; lastKnownFileType = sourcecode.swift; name = ClassViewController.swift; path = Controllers/ClassViewController.swift; sourceTree = "<group>"; };
		38074ED41F587394001F53FA /* ObjectCell.swift */ = {isa = PBXFileReference; fileEncoding = 4; lastKnownFileType = sourcecode.swift; name = ObjectCell.swift; path = Views/ObjectCell.swift; sourceTree = "<group>"; };
		38074ED61F5876D8001F53FA /* QueryViewController.swift */ = {isa = PBXFileReference; fileEncoding = 4; lastKnownFileType = sourcecode.swift; name = QueryViewController.swift; path = Controllers/QueryViewController.swift; sourceTree = "<group>"; };
		38074ED81F58784C001F53FA /* QueryHelpCell.swift */ = {isa = PBXFileReference; fileEncoding = 4; lastKnownFileType = sourcecode.swift; name = QueryHelpCell.swift; path = Views/QueryHelpCell.swift; sourceTree = "<group>"; };
		38074EDA1F58799F001F53FA /* QueryInputCell.swift */ = {isa = PBXFileReference; fileEncoding = 4; lastKnownFileType = sourcecode.swift; name = QueryInputCell.swift; path = Views/QueryInputCell.swift; sourceTree = "<group>"; };
		38074EDC1F588D31001F53FA /* String+Extensions.swift */ = {isa = PBXFileReference; fileEncoding = 4; lastKnownFileType = sourcecode.swift; name = "String+Extensions.swift"; path = "Extensions/String+Extensions.swift"; sourceTree = "<group>"; };
		38074EDE1F58FE1A001F53FA /* ObjectViewController.swift */ = {isa = PBXFileReference; fileEncoding = 4; lastKnownFileType = sourcecode.swift; name = ObjectViewController.swift; path = Controllers/ObjectViewController.swift; sourceTree = "<group>"; };
		38074EE01F58FE4F001F53FA /* FieldCell.swift */ = {isa = PBXFileReference; fileEncoding = 4; lastKnownFileType = sourcecode.swift; name = FieldCell.swift; path = Views/FieldCell.swift; sourceTree = "<group>"; };
		38074EE21F58FF49001F53FA /* PFObject.swift */ = {isa = PBXFileReference; fileEncoding = 4; lastKnownFileType = sourcecode.swift; name = PFObject.swift; path = Models/PFObject.swift; sourceTree = "<group>"; };
		38074EE41F58FF97001F53FA /* PFSchema.swift */ = {isa = PBXFileReference; fileEncoding = 4; lastKnownFileType = sourcecode.swift; name = PFSchema.swift; path = Models/PFSchema.swift; sourceTree = "<group>"; };
		38074EE61F59063E001F53FA /* FileViewController.swift */ = {isa = PBXFileReference; fileEncoding = 4; lastKnownFileType = sourcecode.swift; name = FileViewController.swift; path = Controllers/FileViewController.swift; sourceTree = "<group>"; };
		38074EE81F590E4B001F53FA /* AppInfoViewController.swift */ = {isa = PBXFileReference; fileEncoding = 4; lastKnownFileType = sourcecode.swift; name = AppInfoViewController.swift; path = Controllers/AppInfoViewController.swift; sourceTree = "<group>"; };
		382A66361F64C1C30017CF9F /* StoreKit.framework */ = {isa = PBXFileReference; lastKnownFileType = wrapper.framework; name = StoreKit.framework; path = System/Library/Frameworks/StoreKit.framework; sourceTree = SDKROOT; };
		382A66381F64C51A0017CF9F /* DonateViewController.swift */ = {isa = PBXFileReference; fileEncoding = 4; lastKnownFileType = sourcecode.swift; name = DonateViewController.swift; path = Controllers/DonateViewController.swift; sourceTree = "<group>"; };
		382A663A1F64CBFB0017CF9F /* IAPHandler.swift */ = {isa = PBXFileReference; fileEncoding = 4; lastKnownFileType = sourcecode.swift; name = IAPHandler.swift; path = Models/IAPHandler.swift; sourceTree = "<group>"; };
		382A66821F677F070017CF9F /* .travis.yml */ = {isa = PBXFileReference; lastKnownFileType = text; path = .travis.yml; sourceTree = "<group>"; };
		385493651F5FB690003903DA /* ServerDetailViewController.swift */ = {isa = PBXFileReference; fileEncoding = 4; lastKnownFileType = sourcecode.swift; name = ServerDetailViewController.swift; path = Controllers/ServerDetailViewController.swift; sourceTree = "<group>"; };
		385493671F5FB6A7003903DA /* SchemaDetailViewController.swift */ = {isa = PBXFileReference; fileEncoding = 4; lastKnownFileType = sourcecode.swift; name = SchemaDetailViewController.swift; path = Controllers/SchemaDetailViewController.swift; sourceTree = "<group>"; };
		3854936A1F5FBAA7003903DA /* PFServer.swift */ = {isa = PBXFileReference; fileEncoding = 4; lastKnownFileType = sourcecode.swift; name = PFServer.swift; path = Models/PFServer.swift; sourceTree = "<group>"; };
		3854936C1F5FD3A0003903DA /* ArrayViewController.swift */ = {isa = PBXFileReference; fileEncoding = 4; lastKnownFileType = sourcecode.swift; name = ArrayViewController.swift; path = Controllers/ArrayViewController.swift; sourceTree = "<group>"; };
		3854936E1F6104D2003903DA /* WelcomeViewController.swift */ = {isa = PBXFileReference; fileEncoding = 4; lastKnownFileType = sourcecode.swift; name = WelcomeViewController.swift; path = Controllers/WelcomeViewController.swift; sourceTree = "<group>"; };
		3875209D1E664F8100CAAA88 /* Parse Dashboard for iOS.app */ = {isa = PBXFileReference; explicitFileType = wrapper.application; includeInIndex = 0; path = "Parse Dashboard for iOS.app"; sourceTree = BUILT_PRODUCTS_DIR; };
		387520A01E664F8100CAAA88 /* AppDelegate.swift */ = {isa = PBXFileReference; lastKnownFileType = sourcecode.swift; path = AppDelegate.swift; sourceTree = "<group>"; };
		387520A81E664F8100CAAA88 /* Parse_Dashboard_for_iOS.xcdatamodel */ = {isa = PBXFileReference; lastKnownFileType = wrapper.xcdatamodel; path = Parse_Dashboard_for_iOS.xcdatamodel; sourceTree = "<group>"; };
		387520AA1E664F8100CAAA88 /* Assets.xcassets */ = {isa = PBXFileReference; lastKnownFileType = folder.assetcatalog; path = Assets.xcassets; sourceTree = "<group>"; };
		387520AD1E664F8100CAAA88 /* Base */ = {isa = PBXFileReference; lastKnownFileType = file.storyboard; name = Base; path = Base.lproj/LaunchScreen.storyboard; sourceTree = "<group>"; };
		387520AF1E664F8100CAAA88 /* Info.plist */ = {isa = PBXFileReference; lastKnownFileType = text.plist.xml; path = Info.plist; sourceTree = "<group>"; };
		38B20E931E6BD9B500DD71AC /* README.md */ = {isa = PBXFileReference; fileEncoding = 4; lastKnownFileType = net.daringfireball.markdown; path = README.md; sourceTree = "<group>"; };
		38B20E951E6BD9FD00DD71AC /* LICENSE */ = {isa = PBXFileReference; fileEncoding = 4; lastKnownFileType = text; path = LICENSE; sourceTree = "<group>"; };
		56B0321A8E52568EE56D511F /* Pods-Parse Dashboard for iOS.debug.xcconfig */ = {isa = PBXFileReference; includeInIndex = 1; lastKnownFileType = text.xcconfig; name = "Pods-Parse Dashboard for iOS.debug.xcconfig"; path = "Pods/Target Support Files/Pods-Parse Dashboard for iOS/Pods-Parse Dashboard for iOS.debug.xcconfig"; sourceTree = "<group>"; };
		94E7063F5C0876FB208EAA93 /* Pods-Parse Dashboard for iOS.release.xcconfig */ = {isa = PBXFileReference; includeInIndex = 1; lastKnownFileType = text.xcconfig; name = "Pods-Parse Dashboard for iOS.release.xcconfig"; path = "Pods/Target Support Files/Pods-Parse Dashboard for iOS/Pods-Parse Dashboard for iOS.release.xcconfig"; sourceTree = "<group>"; };
		EAC8301BEE3879A0D0B9BD6C /* Pods_Parse_Dashboard_for_iOS.framework */ = {isa = PBXFileReference; explicitFileType = wrapper.framework; includeInIndex = 0; path = Pods_Parse_Dashboard_for_iOS.framework; sourceTree = BUILT_PRODUCTS_DIR; };
/* End PBXFileReference section */

/* Begin PBXFrameworksBuildPhase section */
		3875209A1E664F8100CAAA88 /* Frameworks */ = {
			isa = PBXFrameworksBuildPhase;
			buildActionMask = 2147483647;
			files = (
				A5F836F5F4E0AFD7CAFF4AC6 /* Pods_Parse_Dashboard_for_iOS.framework in Frameworks */,
				382A66371F64C1C30017CF9F /* StoreKit.framework in Frameworks */,
			);
			runOnlyForDeploymentPostprocessing = 0;
		};
/* End PBXFrameworksBuildPhase section */

/* Begin PBXGroup section */
		38074EBD1F579DAB001F53FA /* Views */ = {
			isa = PBXGroup;
			children = (
				38074ECA1F57BF41001F53FA /* ServerCell.swift */,
				38074ED01F586E50001F53FA /* ClassCell.swift */,
				38074ED41F587394001F53FA /* ObjectCell.swift */,
				38074ED81F58784C001F53FA /* QueryHelpCell.swift */,
				38074EDA1F58799F001F53FA /* QueryInputCell.swift */,
				38074EE01F58FE4F001F53FA /* FieldCell.swift */,
			);
			name = Views;
			sourceTree = "<group>";
		};
		38074EBF1F579DC1001F53FA /* Models */ = {
			isa = PBXGroup;
			children = (
				38074EC81F57BB59001F53FA /* Parse.swift */,
				38074EE41F58FF97001F53FA /* PFSchema.swift */,
				38074EE21F58FF49001F53FA /* PFObject.swift */,
				3854936A1F5FBAA7003903DA /* PFServer.swift */,
				382A663A1F64CBFB0017CF9F /* IAPHandler.swift */,
			);
			name = Models;
			sourceTree = "<group>";
		};
		38074EC01F579DD2001F53FA /* Controllers */ = {
			isa = PBXGroup;
			children = (
				3854936E1F6104D2003903DA /* WelcomeViewController.swift */,
				382A66381F64C51A0017CF9F /* DonateViewController.swift */,
				38074EE81F590E4B001F53FA /* AppInfoViewController.swift */,
				38074EC11F57B96A001F53FA /* ServerViewController.swift */,
				385493651F5FB690003903DA /* ServerDetailViewController.swift */,
				38074ECC1F57C3B0001F53FA /* SchemaViewController.swift */,
				385493671F5FB6A7003903DA /* SchemaDetailViewController.swift */,
				38074ED21F5870F8001F53FA /* ClassViewController.swift */,
				38074ED61F5876D8001F53FA /* QueryViewController.swift */,
				38074EDE1F58FE1A001F53FA /* ObjectViewController.swift */,
				3854936C1F5FD3A0003903DA /* ArrayViewController.swift */,
				38074EE61F59063E001F53FA /* FileViewController.swift */,
			);
			name = Controllers;
			sourceTree = "<group>";
		};
		38074EC51F57B9B9001F53FA /* Extensions */ = {
			isa = PBXGroup;
			children = (
				38074EC61F57B9E6001F53FA /* UIColor+Extensions.swift */,
				38074EDC1F588D31001F53FA /* String+Extensions.swift */,
				3800075B1F5A6F3300F4CF6C /* UIActivity+OpenInSafari.swift */,
			);
			name = Extensions;
			sourceTree = "<group>";
		};
		385493691F5FB6AF003903DA /* Supporting Files */ = {
			isa = PBXGroup;
			children = (
				387520AA1E664F8100CAAA88 /* Assets.xcassets */,
				3800075D1F5A7D4500F4CF6C /* UIWebViewController.swift */,
				387520AF1E664F8100CAAA88 /* Info.plist */,
				387520A71E664F8100CAAA88 /* Parse_Dashboard_for_iOS.xcdatamodeld */,
			);
			name = "Supporting Files";
			sourceTree = "<group>";
		};
		387520941E664F8100CAAA88 = {
			isa = PBXGroup;
			children = (
				38B20E931E6BD9B500DD71AC /* README.md */,
				38B20E951E6BD9FD00DD71AC /* LICENSE */,
				382A66821F677F070017CF9F /* .travis.yml */,
				3875209F1E664F8100CAAA88 /* Parse Dashboard for iOS */,
				3875209E1E664F8100CAAA88 /* Products */,
				826702590A22C669AE8CAA32 /* Pods */,
				7961998305C214F1C656FD0D /* Frameworks */,
			);
			sourceTree = "<group>";
		};
		3875209E1E664F8100CAAA88 /* Products */ = {
			isa = PBXGroup;
			children = (
				3875209D1E664F8100CAAA88 /* Parse Dashboard for iOS.app */,
			);
			name = Products;
			sourceTree = "<group>";
		};
		3875209F1E664F8100CAAA88 /* Parse Dashboard for iOS */ = {
			isa = PBXGroup;
			children = (
				387520A01E664F8100CAAA88 /* AppDelegate.swift */,
				38074EBD1F579DAB001F53FA /* Views */,
				38074EBF1F579DC1001F53FA /* Models */,
				38074EC01F579DD2001F53FA /* Controllers */,
				38074EC51F57B9B9001F53FA /* Extensions */,
				387520AC1E664F8100CAAA88 /* LaunchScreen.storyboard */,
				385493691F5FB6AF003903DA /* Supporting Files */,
			);
			path = "Parse Dashboard for iOS";
			sourceTree = "<group>";
		};
		7961998305C214F1C656FD0D /* Frameworks */ = {
			isa = PBXGroup;
			children = (
				382A66361F64C1C30017CF9F /* StoreKit.framework */,
				EAC8301BEE3879A0D0B9BD6C /* Pods_Parse_Dashboard_for_iOS.framework */,
			);
			name = Frameworks;
			sourceTree = "<group>";
		};
		826702590A22C669AE8CAA32 /* Pods */ = {
			isa = PBXGroup;
			children = (
				56B0321A8E52568EE56D511F /* Pods-Parse Dashboard for iOS.debug.xcconfig */,
				94E7063F5C0876FB208EAA93 /* Pods-Parse Dashboard for iOS.release.xcconfig */,
			);
			name = Pods;
			sourceTree = "<group>";
		};
/* End PBXGroup section */

/* Begin PBXNativeTarget section */
		3875209C1E664F8100CAAA88 /* Parse Dashboard for iOS */ = {
			isa = PBXNativeTarget;
			buildConfigurationList = 387520B21E664F8100CAAA88 /* Build configuration list for PBXNativeTarget "Parse Dashboard for iOS" */;
			buildPhases = (
				F93A5E59F21C3EFC12C8C16D /* [CP] Check Pods Manifest.lock */,
				387520991E664F8100CAAA88 /* Sources */,
				3875209A1E664F8100CAAA88 /* Frameworks */,
				3875209B1E664F8100CAAA88 /* Resources */,
				3C9923AECE5536DD55D5DC72 /* [CP] Embed Pods Frameworks */,
				D853F8691E5911CC97C2E5AC /* [CP] Copy Pods Resources */,
				3800075F1F5A868900F4CF6C /* Fabric Run Script */,
			);
			buildRules = (
			);
			dependencies = (
			);
			name = "Parse Dashboard for iOS";
			productName = "Parse Dashboard for iOS";
			productReference = 3875209D1E664F8100CAAA88 /* Parse Dashboard for iOS.app */;
			productType = "com.apple.product-type.application";
		};
/* End PBXNativeTarget section */

/* Begin PBXProject section */
		387520951E664F8100CAAA88 /* Project object */ = {
			isa = PBXProject;
			attributes = {
				LastSwiftUpdateCheck = 0820;
				LastUpgradeCheck = 0820;
				ORGANIZATIONNAME = "Nathan Tannar";
				TargetAttributes = {
					3875209C1E664F8100CAAA88 = {
						CreatedOnToolsVersion = 8.2.1;
						DevelopmentTeam = 9EUCWD26TP;
						ProvisioningStyle = Automatic;
						SystemCapabilities = {
							com.apple.InAppPurchase = {
								enabled = 1;
							};
						};
					};
				};
			};
			buildConfigurationList = 387520981E664F8100CAAA88 /* Build configuration list for PBXProject "Parse Dashboard for iOS" */;
			compatibilityVersion = "Xcode 3.2";
			developmentRegion = English;
			hasScannedForEncodings = 0;
			knownRegions = (
				en,
				Base,
			);
			mainGroup = 387520941E664F8100CAAA88;
			productRefGroup = 3875209E1E664F8100CAAA88 /* Products */;
			projectDirPath = "";
			projectRoot = "";
			targets = (
				3875209C1E664F8100CAAA88 /* Parse Dashboard for iOS */,
			);
		};
/* End PBXProject section */

/* Begin PBXResourcesBuildPhase section */
		3875209B1E664F8100CAAA88 /* Resources */ = {
			isa = PBXResourcesBuildPhase;
			buildActionMask = 2147483647;
			files = (
				38B20E961E6BD9FD00DD71AC /* LICENSE in Resources */,
				387520AE1E664F8100CAAA88 /* LaunchScreen.storyboard in Resources */,
				387520AB1E664F8100CAAA88 /* Assets.xcassets in Resources */,
			);
			runOnlyForDeploymentPostprocessing = 0;
		};
/* End PBXResourcesBuildPhase section */

/* Begin PBXShellScriptBuildPhase section */
		3800075F1F5A868900F4CF6C /* Fabric Run Script */ = {
			isa = PBXShellScriptBuildPhase;
			buildActionMask = 2147483647;
			files = (
			);
			inputPaths = (
			);
			name = "Fabric Run Script";
			outputPaths = (
			);
			runOnlyForDeploymentPostprocessing = 0;
			shellPath = /bin/sh;
			shellScript = "\"${PODS_ROOT}/Fabric/run\" 6601a9daf93e6ae4295ec2c007b03b243b506b53 57937a4c5fa0d5fdb1e070b87dece554496c31480a38e01b8435948017c06144";
		};
		3C9923AECE5536DD55D5DC72 /* [CP] Embed Pods Frameworks */ = {
			isa = PBXShellScriptBuildPhase;
			buildActionMask = 2147483647;
			files = (
			);
			inputPaths = (
			);
			name = "[CP] Embed Pods Frameworks";
			outputPaths = (
			);
			runOnlyForDeploymentPostprocessing = 0;
			shellPath = /bin/sh;
			shellScript = "\"${SRCROOT}/Pods/Target Support Files/Pods-Parse Dashboard for iOS/Pods-Parse Dashboard for iOS-frameworks.sh\"\n";
			showEnvVarsInLog = 0;
		};
		D853F8691E5911CC97C2E5AC /* [CP] Copy Pods Resources */ = {
			isa = PBXShellScriptBuildPhase;
			buildActionMask = 2147483647;
			files = (
			);
			inputPaths = (
			);
			name = "[CP] Copy Pods Resources";
			outputPaths = (
			);
			runOnlyForDeploymentPostprocessing = 0;
			shellPath = /bin/sh;
			shellScript = "\"${SRCROOT}/Pods/Target Support Files/Pods-Parse Dashboard for iOS/Pods-Parse Dashboard for iOS-resources.sh\"\n";
			showEnvVarsInLog = 0;
		};
		F93A5E59F21C3EFC12C8C16D /* [CP] Check Pods Manifest.lock */ = {
			isa = PBXShellScriptBuildPhase;
			buildActionMask = 2147483647;
			files = (
			);
			inputPaths = (
			);
			name = "[CP] Check Pods Manifest.lock";
			outputPaths = (
			);
			runOnlyForDeploymentPostprocessing = 0;
			shellPath = /bin/sh;
			shellScript = "diff \"${PODS_PODFILE_DIR_PATH}/Podfile.lock\" \"${PODS_ROOT}/Manifest.lock\" > /dev/null\nif [ $? != 0 ] ; then\n    # print error to STDERR\n    echo \"error: The sandbox is not in sync with the Podfile.lock. Run 'pod install' or update your CocoaPods installation.\" >&2\n    exit 1\nfi\n";
			showEnvVarsInLog = 0;
		};
/* End PBXShellScriptBuildPhase section */

/* Begin PBXSourcesBuildPhase section */
		387520991E664F8100CAAA88 /* Sources */ = {
			isa = PBXSourcesBuildPhase;
			buildActionMask = 2147483647;
			files = (
				3854936F1F6104D2003903DA /* WelcomeViewController.swift in Sources */,
				38074ED11F586E50001F53FA /* ClassCell.swift in Sources */,
				38074ED91F58784C001F53FA /* QueryHelpCell.swift in Sources */,
				38074EE31F58FF49001F53FA /* PFObject.swift in Sources */,
				38074EC91F57BB59001F53FA /* Parse.swift in Sources */,
				38074ECD1F57C3B0001F53FA /* SchemaViewController.swift in Sources */,
				382A663B1F64CBFB0017CF9F /* IAPHandler.swift in Sources */,
				3800075E1F5A7D4500F4CF6C /* UIWebViewController.swift in Sources */,
				387520A11E664F8100CAAA88 /* AppDelegate.swift in Sources */,
				38074ED51F587394001F53FA /* ObjectCell.swift in Sources */,
				3854936D1F5FD3A0003903DA /* ArrayViewController.swift in Sources */,
				385493661F5FB690003903DA /* ServerDetailViewController.swift in Sources */,
				38074EC71F57B9E6001F53FA /* UIColor+Extensions.swift in Sources */,
				385493681F5FB6A7003903DA /* SchemaDetailViewController.swift in Sources */,
				38074EC21F57B96A001F53FA /* ServerViewController.swift in Sources */,
				3800075C1F5A6F3300F4CF6C /* UIActivity+OpenInSafari.swift in Sources */,
				382A66391F64C51A0017CF9F /* DonateViewController.swift in Sources */,
				38074EE71F59063E001F53FA /* FileViewController.swift in Sources */,
				38074EE91F590E4B001F53FA /* AppInfoViewController.swift in Sources */,
				38074EDD1F588D31001F53FA /* String+Extensions.swift in Sources */,
				38074ED71F5876D8001F53FA /* QueryViewController.swift in Sources */,
				38074ED31F5870F8001F53FA /* ClassViewController.swift in Sources */,
				38074EDF1F58FE1A001F53FA /* ObjectViewController.swift in Sources */,
				3854936B1F5FBAA7003903DA /* PFServer.swift in Sources */,
				38074ECB1F57BF41001F53FA /* ServerCell.swift in Sources */,
				38074EDB1F58799F001F53FA /* QueryInputCell.swift in Sources */,
				38074EE11F58FE4F001F53FA /* FieldCell.swift in Sources */,
				38074EE51F58FF97001F53FA /* PFSchema.swift in Sources */,
				387520A91E664F8100CAAA88 /* Parse_Dashboard_for_iOS.xcdatamodeld in Sources */,
			);
			runOnlyForDeploymentPostprocessing = 0;
		};
/* End PBXSourcesBuildPhase section */

/* Begin PBXVariantGroup section */
		387520AC1E664F8100CAAA88 /* LaunchScreen.storyboard */ = {
			isa = PBXVariantGroup;
			children = (
				387520AD1E664F8100CAAA88 /* Base */,
			);
			name = LaunchScreen.storyboard;
			sourceTree = "<group>";
		};
/* End PBXVariantGroup section */

/* Begin XCBuildConfiguration section */
		387520B01E664F8100CAAA88 /* Debug */ = {
			isa = XCBuildConfiguration;
			buildSettings = {
				ALWAYS_SEARCH_USER_PATHS = NO;
				CLANG_ANALYZER_NONNULL = YES;
				CLANG_CXX_LANGUAGE_STANDARD = "gnu++0x";
				CLANG_CXX_LIBRARY = "libc++";
				CLANG_ENABLE_MODULES = YES;
				CLANG_ENABLE_OBJC_ARC = YES;
				CLANG_WARN_BOOL_CONVERSION = YES;
				CLANG_WARN_CONSTANT_CONVERSION = YES;
				CLANG_WARN_DIRECT_OBJC_ISA_USAGE = YES_ERROR;
				CLANG_WARN_DOCUMENTATION_COMMENTS = YES;
				CLANG_WARN_EMPTY_BODY = YES;
				CLANG_WARN_ENUM_CONVERSION = YES;
				CLANG_WARN_INFINITE_RECURSION = YES;
				CLANG_WARN_INT_CONVERSION = YES;
				CLANG_WARN_OBJC_ROOT_CLASS = YES_ERROR;
				CLANG_WARN_SUSPICIOUS_MOVE = YES;
				CLANG_WARN_UNREACHABLE_CODE = YES;
				CLANG_WARN__DUPLICATE_METHOD_MATCH = YES;
				"CODE_SIGN_IDENTITY[sdk=iphoneos*]" = "iPhone Developer";
				COPY_PHASE_STRIP = NO;
				DEBUG_INFORMATION_FORMAT = dwarf;
				ENABLE_STRICT_OBJC_MSGSEND = YES;
				ENABLE_TESTABILITY = YES;
				GCC_C_LANGUAGE_STANDARD = gnu99;
				GCC_DYNAMIC_NO_PIC = NO;
				GCC_NO_COMMON_BLOCKS = YES;
				GCC_OPTIMIZATION_LEVEL = 0;
				GCC_PREPROCESSOR_DEFINITIONS = (
					"DEBUG=1",
					"$(inherited)",
				);
				GCC_WARN_64_TO_32_BIT_CONVERSION = YES;
				GCC_WARN_ABOUT_RETURN_TYPE = YES_ERROR;
				GCC_WARN_UNDECLARED_SELECTOR = YES;
				GCC_WARN_UNINITIALIZED_AUTOS = YES_AGGRESSIVE;
				GCC_WARN_UNUSED_FUNCTION = YES;
				GCC_WARN_UNUSED_VARIABLE = YES;
				IPHONEOS_DEPLOYMENT_TARGET = 10.2;
				MTL_ENABLE_DEBUG_INFO = YES;
				ONLY_ACTIVE_ARCH = YES;
				SDKROOT = iphoneos;
				SWIFT_ACTIVE_COMPILATION_CONDITIONS = DEBUG;
				SWIFT_OPTIMIZATION_LEVEL = "-Onone";
			};
			name = Debug;
		};
		387520B11E664F8100CAAA88 /* Release */ = {
			isa = XCBuildConfiguration;
			buildSettings = {
				ALWAYS_SEARCH_USER_PATHS = NO;
				CLANG_ANALYZER_NONNULL = YES;
				CLANG_CXX_LANGUAGE_STANDARD = "gnu++0x";
				CLANG_CXX_LIBRARY = "libc++";
				CLANG_ENABLE_MODULES = YES;
				CLANG_ENABLE_OBJC_ARC = YES;
				CLANG_WARN_BOOL_CONVERSION = YES;
				CLANG_WARN_CONSTANT_CONVERSION = YES;
				CLANG_WARN_DIRECT_OBJC_ISA_USAGE = YES_ERROR;
				CLANG_WARN_DOCUMENTATION_COMMENTS = YES;
				CLANG_WARN_EMPTY_BODY = YES;
				CLANG_WARN_ENUM_CONVERSION = YES;
				CLANG_WARN_INFINITE_RECURSION = YES;
				CLANG_WARN_INT_CONVERSION = YES;
				CLANG_WARN_OBJC_ROOT_CLASS = YES_ERROR;
				CLANG_WARN_SUSPICIOUS_MOVE = YES;
				CLANG_WARN_UNREACHABLE_CODE = YES;
				CLANG_WARN__DUPLICATE_METHOD_MATCH = YES;
				"CODE_SIGN_IDENTITY[sdk=iphoneos*]" = "iPhone Developer";
				COPY_PHASE_STRIP = NO;
				DEBUG_INFORMATION_FORMAT = "dwarf-with-dsym";
				ENABLE_NS_ASSERTIONS = NO;
				ENABLE_STRICT_OBJC_MSGSEND = YES;
				GCC_C_LANGUAGE_STANDARD = gnu99;
				GCC_NO_COMMON_BLOCKS = YES;
				GCC_WARN_64_TO_32_BIT_CONVERSION = YES;
				GCC_WARN_ABOUT_RETURN_TYPE = YES_ERROR;
				GCC_WARN_UNDECLARED_SELECTOR = YES;
				GCC_WARN_UNINITIALIZED_AUTOS = YES_AGGRESSIVE;
				GCC_WARN_UNUSED_FUNCTION = YES;
				GCC_WARN_UNUSED_VARIABLE = YES;
				IPHONEOS_DEPLOYMENT_TARGET = 10.2;
				MTL_ENABLE_DEBUG_INFO = NO;
				SDKROOT = iphoneos;
				SWIFT_OPTIMIZATION_LEVEL = "-Owholemodule";
				VALIDATE_PRODUCT = YES;
			};
			name = Release;
		};
		387520B31E664F8100CAAA88 /* Debug */ = {
			isa = XCBuildConfiguration;
			baseConfigurationReference = 56B0321A8E52568EE56D511F /* Pods-Parse Dashboard for iOS.debug.xcconfig */;
			buildSettings = {
				ASSETCATALOG_COMPILER_APPICON_NAME = AppIcon;
				"CODE_SIGN_IDENTITY[sdk=iphoneos*]" = "iPhone Developer";
				DEBUG_INFORMATION_FORMAT = "dwarf-with-dsym";
				DEVELOPMENT_TEAM = 9EUCWD26TP;
				INFOPLIST_FILE = "Parse Dashboard for iOS/Info.plist";
				IPHONEOS_DEPLOYMENT_TARGET = 10.0;
				LD_RUNPATH_SEARCH_PATHS = "$(inherited) @executable_path/Frameworks";
				PRODUCT_BUNDLE_IDENTIFIER = "me.nathantannar.Parse-Dashboard-for-iOS";
				PRODUCT_NAME = "$(TARGET_NAME)";
				SWIFT_VERSION = 3.0;
				TARGETED_DEVICE_FAMILY = "1,2";
			};
			name = Debug;
		};
		387520B41E664F8100CAAA88 /* Release */ = {
			isa = XCBuildConfiguration;
			baseConfigurationReference = 94E7063F5C0876FB208EAA93 /* Pods-Parse Dashboard for iOS.release.xcconfig */;
			buildSettings = {
				ASSETCATALOG_COMPILER_APPICON_NAME = AppIcon;
				"CODE_SIGN_IDENTITY[sdk=iphoneos*]" = "iPhone Developer";
				DEVELOPMENT_TEAM = 9EUCWD26TP;
				INFOPLIST_FILE = "Parse Dashboard for iOS/Info.plist";
				IPHONEOS_DEPLOYMENT_TARGET = 10.0;
				LD_RUNPATH_SEARCH_PATHS = "$(inherited) @executable_path/Frameworks";
				PRODUCT_BUNDLE_IDENTIFIER = "me.nathantannar.Parse-Dashboard-for-iOS";
				PRODUCT_NAME = "$(TARGET_NAME)";
				SWIFT_VERSION = 3.0;
				TARGETED_DEVICE_FAMILY = "1,2";
			};
			name = Release;
		};
/* End XCBuildConfiguration section */

/* Begin XCConfigurationList section */
		387520981E664F8100CAAA88 /* Build configuration list for PBXProject "Parse Dashboard for iOS" */ = {
			isa = XCConfigurationList;
			buildConfigurations = (
				387520B01E664F8100CAAA88 /* Debug */,
				387520B11E664F8100CAAA88 /* Release */,
			);
			defaultConfigurationIsVisible = 0;
			defaultConfigurationName = Release;
		};
		387520B21E664F8100CAAA88 /* Build configuration list for PBXNativeTarget "Parse Dashboard for iOS" */ = {
			isa = XCConfigurationList;
			buildConfigurations = (
				387520B31E664F8100CAAA88 /* Debug */,
				387520B41E664F8100CAAA88 /* Release */,
			);
			defaultConfigurationIsVisible = 0;
			defaultConfigurationName = Release;
		};
/* End XCConfigurationList section */

/* Begin XCVersionGroup section */
		387520A71E664F8100CAAA88 /* Parse_Dashboard_for_iOS.xcdatamodeld */ = {
			isa = XCVersionGroup;
			children = (
				387520A81E664F8100CAAA88 /* Parse_Dashboard_for_iOS.xcdatamodel */,
			);
			currentVersion = 387520A81E664F8100CAAA88 /* Parse_Dashboard_for_iOS.xcdatamodel */;
			path = Parse_Dashboard_for_iOS.xcdatamodeld;
			sourceTree = "<group>";
			versionGroupType = wrapper.xcdatamodel;
		};
/* End XCVersionGroup section */
	};
	rootObject = 387520951E664F8100CAAA88 /* Project object */;
}
